<Solution>
  <Folder Name="/docs/">
    <File Path=".github/copilot-instructions.md" />
    <File Path=".planning/CODEBASE_AUDIT.md" />
    <File Path=".planning/GITHUB_UPDATE_SUMMARY.md" />
    <File Path=".planning/PROJECT.md" />
    <File Path="AGENTS.md" />
    <File Path="ALLERGEN_FILTERS_RESTORED.md" />
    <File Path="APPHOST_DIAGNOSTICS_SOLUTION.md" />
    <File Path="APPHOST_FIX_PROGRAM_EXCLUDED.md" />
    <File Path="APPHOST_QUICK_START.md" />
    <File Path="APPHOST_TROUBLESHOOTING.md" />
    <File Path="ASPIRE_DEBUGGING_GUIDE.md" />
    <File Path="ASPIRE_HTTP_VERSION_CLEANUP.md" />
    <File Path="AUTHSERVICE_CONFIG_EXAMPLE.md" />
    <File Path="AUTHSERVICE_SCHEMA_ALIGNMENT_FIX.md" />
    <File Path="BACKEND-SERVICES.md" />
    <File Path="BACKGROUND_WORKERS_AND_IMPORTS.md" />
    <File Path="BATCH_PROCESSING_OPTIMIZATION_COMPLETE.md" />
    <File Path="BATCH_PROCESSING_QUICK_REFERENCE.md" />
    <File Path="BUILD_FIX_INSTRUCTIONS.md" />
    <File Path="CACHING_PERFORMANCE_OPTIMIZATION_COMPLETE.md" />
    <File Path="CACHING_QUICK_REFERENCE.md" />
    <File Path="CENTRAL_PACKAGE_MANAGEMENT_FIX.md" />
    <File Path="CLAUDE.md" />
    <File Path="CLIENT_API_COMPLETE.md" />
    <File Path="COMPILER_ERRORS_FIXED_CLEAN_AND_BUILD.md" />
    <File Path="COMPILER_ERRORS_FIXED_SESSION_2.md" />
    <File Path="COMPLETE_SUMMARY.md" />
    <File Path="Config/README.md" />
    <File Path="CONFIG_QUICK_REFERENCE.md" />
    <File Path="CONTROLLERS_COMPLETE.md" />
    <File Path="CSV_IMPORT_LANGUAGE_FILTER_FIX.md" />
    <File Path="CSV_IMPORT_QUICK_REF.md" />
    <File Path="DEVELOPMENT-SETUP.md" />
    <File Path="DIETARY_FILTER_BACKEND_COMPLETE.md" />
    <File Path="DIETARY_FILTER_IMPLEMENTATION.md" />
    <File Path="DOCKER-SETUP.md" />
    <File Path="docs/00-PROJECT-OVERVIEW.md" />
    <File Path="docs/01-ARCHITECTURE.md" />
    <File Path="docs/02-MICROSERVICES.md" />
    <File Path="docs/03-DATA-MODELS.md" />
    <File Path="docs/04-LOCAL-FIRST-SYNC.md" />
    <File Path="docs/05-FRONTEND-ARCHITECTURE.md" />
    <File Path="docs/06-IMPLEMENTATION-ROADMAP.md" />
    <File Path="docs/API-ENDPOINTS.md" />
    <File Path="docs/ARCHITECTURE-NOTES.md" />
    <File Path="docs/HttpClient-Best-Practices.md" />
    <File Path="DOTNET10_UPGRADE_100_PERCENT_COMPLETE.md" />
    <File Path="DOTNET10_UPGRADE_COMPLETION_SUMMARY.md" />
    <File Path="DOTNET10_UPGRADE_FINAL_STATUS.md" />
    <File Path="DOTNET10_UPGRADE_REMAINING_TASKS.md" />
    <File Path="ENVIRONMENT_VARIABLES_SECURITY.md" />
    <File Path="FINAL_COMPILER_FIXES.md" />
    <File Path="FINAL_STATUS.md" />
    <File Path="FIX_DOCKER_CONTAINER_RUNTIME.md" />
    <File Path="GRPC_DISABLED_REST_API_ONLY.md" />
    <File Path="GRPC_HTTP2_ASPIRE_FIX.md" />
    <File Path="HTTPCLIENT_BUILD_ERRORS_FIXED.md" />
    <File Path="HYBRIDCACHE_INVALID_KEY_FIXED.md" />
    <File Path="IMEMORYCACHE_FIX_APPLIED.md" />
    <File Path="IMPLEMENTATION_PROGRESS.md" />
    <File Path="INGREDIENTSERVICE_MIGRATION_ADDED.md" />
    <File Path="INGREDIENT_PARSER_IMPROVEMENTS.md" />
    <File Path="INGREDIENT_SERVICE_SEPARATION_PLAN.md" />
    <File Path="INGREDIENT_VALIDATION_IMPROVEMENTS.md" />
    <File Path="INVENTORY_SHOPPING_STATUS.md" />
    <File Path="JWT_CONFIGURATION_FIX.md" />
    <File Path="LANGUAGE_DETECTION_AND_PARSER_IMPROVEMENTS.md" />
    <File Path="LAYERED_CONFIG_COMPLETE.md" />
    <File Path="LAYERED_CONFIG_GUIDE.md" />
    <File Path="LAYERED_CONFIG_IMPLEMENTATION.md" />
    <File Path="LOGGING_CONFIGURATION_QUIETED.md" />
    <File Path="LOG_NOISE_REDUCTION.md" />
    <File Path="MISSING_RECALL_TABLES_FIX.md" />
    <File Path="NEW_APPHOST_SUCCESS.md" />
    <File Path="old/CLAUDE.md" />
    <File Path="old/README.md" />
    <File Path="OPENFOODFACTS_CSV_IMPORT.md" />
    <File Path="OPENFOODFACTS_IMAGE_FIX_IMPLEMENTED.md" />
    <File Path="OPENFOODFACTS_IMAGE_PARSING_ANALYSIS.md" />
    <File Path="OPTIMIZATION_ARCHITECTURE_DIAGRAM.md" />
    <File Path="POST_REGISTRATION_FIXES_COMPLETE.md" />
    <File Path="POST_REGISTRATION_UX_FIXES.md" />
    <File Path="PRODUCTIMAGE_IMPORT_FIX.md" />
    <File Path="PRODUCT_BULK_INSERT_TEMP_TABLE_FIX.md" />
    <File Path="PRODUCT_ENHANCEMENTS_STATUS.md" />
    <File Path="PRODUCT_IMAGE_DEBUG_GUIDE.md" />
    <File Path="PRODUCT_IMAGE_IMPORT_FIX_COMPLETE.md" />
    <File Path="PRODUCT_IMPORT_FREEZE_RESOLVED.md" />
    <File Path="PRODUCT_SERVICE_OPTIMIZATION_SUMMARY.md" />
    <File Path="PROJECT_COMPLETE.md" />
    <File Path="PR_SUMMARY.md" />
    <File Path="QUICK_START_SECURE_CONFIG.md" />
    <File Path="README.md" />
    <File Path="RECIPE_BULK_IMPORT_OPTIMIZATIONS.md" />
    <File Path="RECIPE_DEDUPLICATION_ENHANCEMENT.md" />
    <File Path="RECIPE_ENHANCEMENT_SUMMARY.md" />
    <File Path="RECIPE_OPTIMIZATION_FINAL_SUMMARY.md" />
    <File Path="RECIPE_UI_REQUIREMENTS.md" />
    <File Path="REGISTRATION_AND_DATABASE_FIX.md" />
    <File Path="REGISTRATION_ERROR_FIX.md" />
    <File Path="SECURITY_MIGRATION_COMPLETE.md" />
    <File Path="SECURITY_VERIFICATION_CHECKLIST.md" />
    <File Path="SERVICE_DISCOVERY_CONFIGURATION.md" />
    <File Path="SERVICE_TO_SERVICE_JWT_AUTH_COMPLETE.md" />
    <File Path="SOLUTION_FORMAT_MIGRATION.md" />
    <File Path="SOURCE_GENERATED_LOGGING_IMPLEMENTATION.md" />
    <File Path="SOURCE_GENERATED_LOGGING_SHARED_LIBRARIES.md" />
    <File Path="SQL_SERVER_FIXED_PORT_CONFIGURATION.md" />
    <File Path="SQL_SINGLE_USER_RECOVERY.md" />
    <File Path="src/ExpressRecipe.Data.Common/README-MIGRATIONS.md" />
    <File Path="src/Frontends/ExpressRecipe.MAUI/FEATURES.md" />
    <File Path="src/Frontends/ExpressRecipe.MAUI/README.md" />
    <File Path="src/Services/ExpressRecipe.AuthService/README.md" />
    <File Path="TECHNICAL_SUMMARY.md" />
    <File Path="TOKEN_AUTHENTICATION_FIX.md" />
    <File Path="UI_IMPLEMENTATION_PLAN.md" />
    <File Path="UNIFIED_DIETARY_FILTER_COMPLETE.md" />
    <File Path="USDA_API_MIGRATION.md" />
    <File Path="USDA_FIX_QUICK_REF.md" />
    <File Path="USDA_RECALL_SOLUTION.md" />
    <File Path="USDA_TIMEOUT_FIX.md" />
    <File Path="USER_PROFILE_MENU_IMPROVEMENTS.md" />
    <File Path="USER_PROFILE_NULL_VALUE_FIX.md" />
    <File Path="WHY_NO_APPHOST_OUTPUT.md" />
    <File Path="WORK_COMPLETED_SUMMARY.md" />
  </Folder>
  <Folder Name="/src/">
    <Project Path="src/ExpressRecipe.AppHost.New/ExpressRecipe.AppHost.New.csproj">
      <Build Project="false" />
    </Project>
    <Project Path="src/ExpressRecipe.Client.Shared/ExpressRecipe.Client.Shared.csproj">
      <Build Project="false" />
    </Project>
    <Project Path="src/ExpressRecipe.Data.Common/ExpressRecipe.Data.Common.csproj">
      <Build Project="false" />
    </Project>
    <Project Path="src/ExpressRecipe.ServiceDefaults/ExpressRecipe.ServiceDefaults.csproj">
      <Build Project="false" />
    </Project>
    <Project Path="src/ExpressRecipe.Shared/ExpressRecipe.Shared.csproj">
      <Build Project="false" />
    </Project>
    <Project Path="src/Frontends/ExpressRecipe.BlazorWeb/ExpressRecipe.BlazorWeb.csproj">
      <Build Project="false" />
    </Project>
    <Project Path="src/Messaging/ExpressRecipe.Messaging.Core/ExpressRecipe.Messaging.Core.csproj">
      <Build Project="false" />
    </Project>
    <Project Path="src/Messaging/ExpressRecipe.Messaging.Demo/ExpressRecipe.Messaging.Demo.csproj">
      <Build Project="false" />
    </Project>
    <Project Path="src/Messaging/ExpressRecipe.Messaging.RabbitMQ/ExpressRecipe.Messaging.RabbitMQ.csproj">
      <Build Project="false" />
    </Project>
    <Project Path="src/Messaging/ExpressRecipe.Messaging.Saga/ExpressRecipe.Messaging.Saga.csproj">
      <Build Project="false" />
    </Project>
    <Project Path="src/Services/ExpressRecipe.AIService/ExpressRecipe.AIService.csproj">
      <Build Project="false" />
    </Project>
    <Project Path="src/Services/ExpressRecipe.AnalyticsService/ExpressRecipe.AnalyticsService.csproj">
      <Build Project="false" />
    </Project>
    <Project Path="src/Services/ExpressRecipe.AuthService/ExpressRecipe.AuthService.csproj">
      <Build Project="false" />
    </Project>
    <Project Path="src/Services/ExpressRecipe.CommunityService/ExpressRecipe.CommunityService.csproj">
      <Build Project="false" />
    </Project>
    <Project Path="src/Services/ExpressRecipe.CookbookService/ExpressRecipe.CookbookService.csproj">
      <Build Project="false" />
    </Project>
    <Project Path="src/Services/ExpressRecipe.GroceryStoreLocationService/ExpressRecipe.GroceryStoreLocationService.csproj">
      <Build Project="false" />
    </Project>
    <Project Path="src/Services/ExpressRecipe.IngredientService/ExpressRecipe.IngredientService.csproj">
      <Build Project="false" />
    </Project>
    <Project Path="src/Services/ExpressRecipe.InventoryService/ExpressRecipe.InventoryService.csproj">
      <Build Project="false" />
    </Project>
    <Project Path="src/Services/ExpressRecipe.MealPlanningService/ExpressRecipe.MealPlanningService.csproj">
      <Build Project="false" />
    </Project>
    <Project Path="src/Services/ExpressRecipe.NotificationService/ExpressRecipe.NotificationService.csproj">
      <Build Project="false" />
    </Project>
    <Project Path="src/Services/ExpressRecipe.PriceService/ExpressRecipe.PriceService.csproj">
      <Build Project="false" />
    </Project>
    <Project Path="src/Services/ExpressRecipe.ProductService/ExpressRecipe.ProductService.csproj">
      <Build Project="false" />
    </Project>
    <Project Path="src/Services/ExpressRecipe.RecallService/ExpressRecipe.RecallService.csproj">
      <Build Project="false" />
    </Project>
    <Project Path="src/Services/ExpressRecipe.RecipeService/ExpressRecipe.RecipeService.csproj">
      <Build Project="false" />
    </Project>
    <Project Path="src/Services/ExpressRecipe.ScannerService/ExpressRecipe.ScannerService.csproj">
      <Build Project="false" />
    </Project>
    <Project Path="src/Services/ExpressRecipe.SearchService/ExpressRecipe.SearchService.csproj">
      <Build Project="false" />
    </Project>
    <Project Path="src/Services/ExpressRecipe.ShoppingService/ExpressRecipe.ShoppingService.csproj">
      <Build Project="false" />
    </Project>
    <Project Path="src/Services/ExpressRecipe.SyncService/ExpressRecipe.SyncService.csproj">
      <Build Project="false" />
    </Project>
    <Project Path="src/Services/ExpressRecipe.UserService/ExpressRecipe.UserService.csproj">
      <Build Project="false" />
    </Project>
  </Folder>
  <Folder Name="/tests/">
    <Project Path="src/Services/ExpressRecipe.IngredientService.Tests/ExpressRecipe.IngredientService.Tests.csproj">
      <Build Project="false" />
    </Project>
    <Project Path="src/Tests/ExpressRecipe.AIService.Tests/ExpressRecipe.AIService.Tests.csproj">
      <Build Project="false" />
    </Project>
    <Project Path="src/Tests/ExpressRecipe.CookbookService.Tests/ExpressRecipe.CookbookService.Tests.csproj">
      <Build Project="false" />
    </Project>
    <Project Path="src/Tests/ExpressRecipe.GroceryStoreLocationService.Tests/ExpressRecipe.GroceryStoreLocationService.Tests.csproj">
      <Build Project="false" />
    </Project>
    <Project Path="src/Tests/ExpressRecipe.Messaging.Benchmarks/ExpressRecipe.Messaging.Benchmarks.csproj">
      <Build Project="false" />
    </Project>
    <Project Path="src/Tests/ExpressRecipe.Messaging.Saga.Tests/ExpressRecipe.Messaging.Saga.Tests.csproj">
      <Build Project="false" />
    </Project>
    <Project Path="src/Tests/ExpressRecipe.Messaging.Tests/ExpressRecipe.Messaging.Tests.csproj">
      <Build Project="false" />
    </Project>
    <Project Path="src/Tests/ExpressRecipe.PriceService.Tests/ExpressRecipe.PriceService.Tests.csproj">
      <Build Project="false" />
    </Project>
  </Folder>
</Solution>
