
Microsoft Visual Studio Solution File, Format Version 12.00
# Visual Studio Version 18
VisualStudioVersion = 18.3.11312.210
MinimumVisualStudioVersion = 10.0.40219.1
Project("{2150E333-8FDC-42A3-9474-1A3956D46DE8}") = "src", "src", "{8BC9CEB8-8B4A-11D0-8D11-00A0C91BC942}"
EndProject
Project("{2150E333-8FDC-42A3-9474-1A3956D46DE8}") = "tests", "tests", "{0AB3BF05-4346-4AA6-1389-037BE0695223}"
EndProject
Project("{2150E333-8FDC-42A3-9474-1A3956D46DE8}") = "docs", "docs", "{FA8B3D2E-1C4F-5A6B-7C8D-9E0F1A2B3C4D}"
	ProjectSection(SolutionItems) = preProject
		docs\00-PROJECT-OVERVIEW.md = docs\00-PROJECT-OVERVIEW.md
		docs\01-ARCHITECTURE.md = docs\01-ARCHITECTURE.md
		docs\02-MICROSERVICES.md = docs\02-MICROSERVICES.md
		docs\03-DATA-MODELS.md = docs\03-DATA-MODELS.md
		docs\04-LOCAL-FIRST-SYNC.md = docs\04-LOCAL-FIRST-SYNC.md
		docs\05-FRONTEND-ARCHITECTURE.md = docs\05-FRONTEND-ARCHITECTURE.md
		docs\06-IMPLEMENTATION-ROADMAP.md = docs\06-IMPLEMENTATION-ROADMAP.md
		AGENTS.md = AGENTS.md
		ALLERGEN_FILTERS_RESTORED.md = ALLERGEN_FILTERS_RESTORED.md
		docs\API-ENDPOINTS.md = docs\API-ENDPOINTS.md
		APPHOST_DIAGNOSTICS_SOLUTION.md = APPHOST_DIAGNOSTICS_SOLUTION.md
		APPHOST_FIX_PROGRAM_EXCLUDED.md = APPHOST_FIX_PROGRAM_EXCLUDED.md
		APPHOST_QUICK_START.md = APPHOST_QUICK_START.md
		APPHOST_TROUBLESHOOTING.md = APPHOST_TROUBLESHOOTING.md
		docs\ARCHITECTURE-NOTES.md = docs\ARCHITECTURE-NOTES.md
		ASPIRE_DEBUGGING_GUIDE.md = ASPIRE_DEBUGGING_GUIDE.md
		ASPIRE_HTTP_VERSION_CLEANUP.md = ASPIRE_HTTP_VERSION_CLEANUP.md
		AUTHSERVICE_CONFIG_EXAMPLE.md = AUTHSERVICE_CONFIG_EXAMPLE.md
		AUTHSERVICE_SCHEMA_ALIGNMENT_FIX.md = AUTHSERVICE_SCHEMA_ALIGNMENT_FIX.md
		BACKEND-SERVICES.md = BACKEND-SERVICES.md
		BACKGROUND_WORKERS_AND_IMPORTS.md = BACKGROUND_WORKERS_AND_IMPORTS.md
		BATCH_PROCESSING_OPTIMIZATION_COMPLETE.md = BATCH_PROCESSING_OPTIMIZATION_COMPLETE.md
		BATCH_PROCESSING_QUICK_REFERENCE.md = BATCH_PROCESSING_QUICK_REFERENCE.md
		BUILD_FIX_INSTRUCTIONS.md = BUILD_FIX_INSTRUCTIONS.md
		CACHING_PERFORMANCE_OPTIMIZATION_COMPLETE.md = CACHING_PERFORMANCE_OPTIMIZATION_COMPLETE.md
		CACHING_QUICK_REFERENCE.md = CACHING_QUICK_REFERENCE.md
		CENTRAL_PACKAGE_MANAGEMENT_FIX.md = CENTRAL_PACKAGE_MANAGEMENT_FIX.md
		CLAUDE.md = CLAUDE.md
		old\CLAUDE.md = old\CLAUDE.md
		CLIENT_API_COMPLETE.md = CLIENT_API_COMPLETE.md
		.planning\CODEBASE_AUDIT.md = .planning\CODEBASE_AUDIT.md
		COMPILER_ERRORS_FIXED_CLEAN_AND_BUILD.md = COMPILER_ERRORS_FIXED_CLEAN_AND_BUILD.md
		COMPILER_ERRORS_FIXED_SESSION_2.md = COMPILER_ERRORS_FIXED_SESSION_2.md
		COMPLETE_SUMMARY.md = COMPLETE_SUMMARY.md
		CONFIG_QUICK_REFERENCE.md = CONFIG_QUICK_REFERENCE.md
		CONTROLLERS_COMPLETE.md = CONTROLLERS_COMPLETE.md
		.github\copilot-instructions.md = .github\copilot-instructions.md
		CSV_IMPORT_LANGUAGE_FILTER_FIX.md = CSV_IMPORT_LANGUAGE_FILTER_FIX.md
		CSV_IMPORT_QUICK_REF.md = CSV_IMPORT_QUICK_REF.md
		DEVELOPMENT-SETUP.md = DEVELOPMENT-SETUP.md
		DIETARY_FILTER_BACKEND_COMPLETE.md = DIETARY_FILTER_BACKEND_COMPLETE.md
		DIETARY_FILTER_IMPLEMENTATION.md = DIETARY_FILTER_IMPLEMENTATION.md
		DOCKER-SETUP.md = DOCKER-SETUP.md
		DOTNET10_UPGRADE_100_PERCENT_COMPLETE.md = DOTNET10_UPGRADE_100_PERCENT_COMPLETE.md
		DOTNET10_UPGRADE_COMPLETION_SUMMARY.md = DOTNET10_UPGRADE_COMPLETION_SUMMARY.md
		DOTNET10_UPGRADE_FINAL_STATUS.md = DOTNET10_UPGRADE_FINAL_STATUS.md
		DOTNET10_UPGRADE_REMAINING_TASKS.md = DOTNET10_UPGRADE_REMAINING_TASKS.md
		ENVIRONMENT_VARIABLES_SECURITY.md = ENVIRONMENT_VARIABLES_SECURITY.md
		src\Frontends\ExpressRecipe.MAUI\FEATURES.md = src\Frontends\ExpressRecipe.MAUI\FEATURES.md
		FINAL_COMPILER_FIXES.md = FINAL_COMPILER_FIXES.md
		FINAL_STATUS.md = FINAL_STATUS.md
		FIX_DOCKER_CONTAINER_RUNTIME.md = FIX_DOCKER_CONTAINER_RUNTIME.md
		.planning\GITHUB_UPDATE_SUMMARY.md = .planning\GITHUB_UPDATE_SUMMARY.md
		GRPC_DISABLED_REST_API_ONLY.md = GRPC_DISABLED_REST_API_ONLY.md
		GRPC_HTTP2_ASPIRE_FIX.md = GRPC_HTTP2_ASPIRE_FIX.md
		docs\HttpClient-Best-Practices.md = docs\HttpClient-Best-Practices.md
		HTTPCLIENT_BUILD_ERRORS_FIXED.md = HTTPCLIENT_BUILD_ERRORS_FIXED.md
		HYBRIDCACHE_INVALID_KEY_FIXED.md = HYBRIDCACHE_INVALID_KEY_FIXED.md
		IMEMORYCACHE_FIX_APPLIED.md = IMEMORYCACHE_FIX_APPLIED.md
		IMPLEMENTATION_PROGRESS.md = IMPLEMENTATION_PROGRESS.md
		INGREDIENTSERVICE_MIGRATION_ADDED.md = INGREDIENTSERVICE_MIGRATION_ADDED.md
		INGREDIENT_PARSER_IMPROVEMENTS.md = INGREDIENT_PARSER_IMPROVEMENTS.md
		INGREDIENT_SERVICE_SEPARATION_PLAN.md = INGREDIENT_SERVICE_SEPARATION_PLAN.md
		INGREDIENT_VALIDATION_IMPROVEMENTS.md = INGREDIENT_VALIDATION_IMPROVEMENTS.md
		INVENTORY_SHOPPING_STATUS.md = INVENTORY_SHOPPING_STATUS.md
		JWT_CONFIGURATION_FIX.md = JWT_CONFIGURATION_FIX.md
		LANGUAGE_DETECTION_AND_PARSER_IMPROVEMENTS.md = LANGUAGE_DETECTION_AND_PARSER_IMPROVEMENTS.md
		LAYERED_CONFIG_COMPLETE.md = LAYERED_CONFIG_COMPLETE.md
		LAYERED_CONFIG_GUIDE.md = LAYERED_CONFIG_GUIDE.md
		LAYERED_CONFIG_IMPLEMENTATION.md = LAYERED_CONFIG_IMPLEMENTATION.md
		LOGGING_CONFIGURATION_QUIETED.md = LOGGING_CONFIGURATION_QUIETED.md
		LOG_NOISE_REDUCTION.md = LOG_NOISE_REDUCTION.md
		MISSING_RECALL_TABLES_FIX.md = MISSING_RECALL_TABLES_FIX.md
		NEW_APPHOST_SUCCESS.md = NEW_APPHOST_SUCCESS.md
		OPENFOODFACTS_CSV_IMPORT.md = OPENFOODFACTS_CSV_IMPORT.md
		OPENFOODFACTS_IMAGE_FIX_IMPLEMENTED.md = OPENFOODFACTS_IMAGE_FIX_IMPLEMENTED.md
		OPENFOODFACTS_IMAGE_PARSING_ANALYSIS.md = OPENFOODFACTS_IMAGE_PARSING_ANALYSIS.md
		OPTIMIZATION_ARCHITECTURE_DIAGRAM.md = OPTIMIZATION_ARCHITECTURE_DIAGRAM.md
		POST_REGISTRATION_FIXES_COMPLETE.md = POST_REGISTRATION_FIXES_COMPLETE.md
		POST_REGISTRATION_UX_FIXES.md = POST_REGISTRATION_UX_FIXES.md
		PRODUCTIMAGE_IMPORT_FIX.md = PRODUCTIMAGE_IMPORT_FIX.md
		PRODUCT_BULK_INSERT_TEMP_TABLE_FIX.md = PRODUCT_BULK_INSERT_TEMP_TABLE_FIX.md
		PRODUCT_ENHANCEMENTS_STATUS.md = PRODUCT_ENHANCEMENTS_STATUS.md
		PRODUCT_IMAGE_DEBUG_GUIDE.md = PRODUCT_IMAGE_DEBUG_GUIDE.md
		PRODUCT_IMAGE_IMPORT_FIX_COMPLETE.md = PRODUCT_IMAGE_IMPORT_FIX_COMPLETE.md
		PRODUCT_IMPORT_FREEZE_RESOLVED.md = PRODUCT_IMPORT_FREEZE_RESOLVED.md
		PRODUCT_SERVICE_OPTIMIZATION_SUMMARY.md = PRODUCT_SERVICE_OPTIMIZATION_SUMMARY.md
		.planning\PROJECT.md = .planning\PROJECT.md
		PROJECT_COMPLETE.md = PROJECT_COMPLETE.md
		PR_SUMMARY.md = PR_SUMMARY.md
		QUICK_START_SECURE_CONFIG.md = QUICK_START_SECURE_CONFIG.md
		src\ExpressRecipe.Data.Common\README-MIGRATIONS.md = src\ExpressRecipe.Data.Common\README-MIGRATIONS.md
		Config\README.md = Config\README.md
		old\README.md = old\README.md
		README.md = README.md
		src\Frontends\ExpressRecipe.MAUI\README.md = src\Frontends\ExpressRecipe.MAUI\README.md
		src\Services\ExpressRecipe.AuthService\README.md = src\Services\ExpressRecipe.AuthService\README.md
		RECIPE_BULK_IMPORT_OPTIMIZATIONS.md = RECIPE_BULK_IMPORT_OPTIMIZATIONS.md
		RECIPE_DEDUPLICATION_ENHANCEMENT.md = RECIPE_DEDUPLICATION_ENHANCEMENT.md
		RECIPE_ENHANCEMENT_SUMMARY.md = RECIPE_ENHANCEMENT_SUMMARY.md
		RECIPE_OPTIMIZATION_FINAL_SUMMARY.md = RECIPE_OPTIMIZATION_FINAL_SUMMARY.md
		RECIPE_UI_REQUIREMENTS.md = RECIPE_UI_REQUIREMENTS.md
		REGISTRATION_AND_DATABASE_FIX.md = REGISTRATION_AND_DATABASE_FIX.md
		REGISTRATION_ERROR_FIX.md = REGISTRATION_ERROR_FIX.md
		SECURITY_MIGRATION_COMPLETE.md = SECURITY_MIGRATION_COMPLETE.md
		SECURITY_VERIFICATION_CHECKLIST.md = SECURITY_VERIFICATION_CHECKLIST.md
		SERVICE_DISCOVERY_CONFIGURATION.md = SERVICE_DISCOVERY_CONFIGURATION.md
		SERVICE_TO_SERVICE_JWT_AUTH_COMPLETE.md = SERVICE_TO_SERVICE_JWT_AUTH_COMPLETE.md
		SOLUTION_FORMAT_MIGRATION.md = SOLUTION_FORMAT_MIGRATION.md
		SOURCE_GENERATED_LOGGING_IMPLEMENTATION.md = SOURCE_GENERATED_LOGGING_IMPLEMENTATION.md
		SOURCE_GENERATED_LOGGING_SHARED_LIBRARIES.md = SOURCE_GENERATED_LOGGING_SHARED_LIBRARIES.md
		SQL_SERVER_FIXED_PORT_CONFIGURATION.md = SQL_SERVER_FIXED_PORT_CONFIGURATION.md
		SQL_SINGLE_USER_RECOVERY.md = SQL_SINGLE_USER_RECOVERY.md
		TECHNICAL_SUMMARY.md = TECHNICAL_SUMMARY.md
		TOKEN_AUTHENTICATION_FIX.md = TOKEN_AUTHENTICATION_FIX.md
		UI_IMPLEMENTATION_PLAN.md = UI_IMPLEMENTATION_PLAN.md
		UNIFIED_DIETARY_FILTER_COMPLETE.md = UNIFIED_DIETARY_FILTER_COMPLETE.md
		USDA_API_MIGRATION.md = USDA_API_MIGRATION.md
		USDA_FIX_QUICK_REF.md = USDA_FIX_QUICK_REF.md
		USDA_RECALL_SOLUTION.md = USDA_RECALL_SOLUTION.md
		USDA_TIMEOUT_FIX.md = USDA_TIMEOUT_FIX.md
		USER_PROFILE_MENU_IMPROVEMENTS.md = USER_PROFILE_MENU_IMPROVEMENTS.md
		USER_PROFILE_NULL_VALUE_FIX.md = USER_PROFILE_NULL_VALUE_FIX.md
		WHY_NO_APPHOST_OUTPUT.md = WHY_NO_APPHOST_OUTPUT.md
		WORK_COMPLETED_SUMMARY.md = WORK_COMPLETED_SUMMARY.md
	EndProjectSection
EndProject
Project("{FAE04EC0-301F-11D3-BF4B-00C04F79EFBC}") = "ExpressRecipe.AppHost.New", "src\ExpressRecipe.AppHost.New\ExpressRecipe.AppHost.New.csproj", "{25EB48DA-2F09-4EFE-930B-074D0D46CAAF}"
EndProject
Project("{FAE04EC0-301F-11D3-BF4B-00C04F79EFBC}") = "ExpressRecipe.Client.Shared", "src\ExpressRecipe.Client.Shared\ExpressRecipe.Client.Shared.csproj", "{28301E9B-DB05-407C-8C9A-ED30A693B5EE}"
EndProject
Project("{FAE04EC0-301F-11D3-BF4B-00C04F79EFBC}") = "ExpressRecipe.Data.Common", "src\ExpressRecipe.Data.Common\ExpressRecipe.Data.Common.csproj", "{FB8F0C41-3009-4490-89D5-760FBCCB6AE1}"
EndProject
Project("{FAE04EC0-301F-11D3-BF4B-00C04F79EFBC}") = "ExpressRecipe.ServiceDefaults", "src\ExpressRecipe.ServiceDefaults\ExpressRecipe.ServiceDefaults.csproj", "{68932AFF-94C1-4074-956E-4F8BE2983581}"
EndProject
Project("{FAE04EC0-301F-11D3-BF4B-00C04F79EFBC}") = "ExpressRecipe.Shared", "src\ExpressRecipe.Shared\ExpressRecipe.Shared.csproj", "{E058F5D4-629E-4611-AD46-7DB675BE191A}"
EndProject
Project("{FAE04EC0-301F-11D3-BF4B-00C04F79EFBC}") = "ExpressRecipe.BlazorWeb", "src\Frontends\ExpressRecipe.BlazorWeb\ExpressRecipe.BlazorWeb.csproj", "{3E278225-5768-4C48-8D5F-CF3CA08B38F3}"
EndProject
Project("{FAE04EC0-301F-11D3-BF4B-00C04F79EFBC}") = "ExpressRecipe.Messaging.Core", "src\Messaging\ExpressRecipe.Messaging.Core\ExpressRecipe.Messaging.Core.csproj", "{9590F076-EDAE-4E9D-9D20-83DEC6D49091}"
EndProject
Project("{FAE04EC0-301F-11D3-BF4B-00C04F79EFBC}") = "ExpressRecipe.Messaging.Demo", "src\Messaging\ExpressRecipe.Messaging.Demo\ExpressRecipe.Messaging.Demo.csproj", "{60F66187-B61F-4912-A34F-E1B19B0299AD}"
EndProject
Project("{FAE04EC0-301F-11D3-BF4B-00C04F79EFBC}") = "ExpressRecipe.Messaging.RabbitMQ", "src\Messaging\ExpressRecipe.Messaging.RabbitMQ\ExpressRecipe.Messaging.RabbitMQ.csproj", "{FC1915B6-4534-411A-9D63-BFD491DB5CA8}"
EndProject
Project("{FAE04EC0-301F-11D3-BF4B-00C04F79EFBC}") = "ExpressRecipe.Messaging.Saga", "src\Messaging\ExpressRecipe.Messaging.Saga\ExpressRecipe.Messaging.Saga.csproj", "{1D7BFC2C-F0C1-49CC-896A-6402371B6CF6}"
EndProject
Project("{FAE04EC0-301F-11D3-BF4B-00C04F79EFBC}") = "ExpressRecipe.AIService", "src\Services\ExpressRecipe.AIService\ExpressRecipe.AIService.csproj", "{59DF4726-C247-40E2-B0C0-4FA2E5F268AB}"
EndProject
Project("{FAE04EC0-301F-11D3-BF4B-00C04F79EFBC}") = "ExpressRecipe.AnalyticsService", "src\Services\ExpressRecipe.AnalyticsService\ExpressRecipe.AnalyticsService.csproj", "{1A84782A-ED75-4B04-8ED2-91BAF178C2A5}"
EndProject
Project("{FAE04EC0-301F-11D3-BF4B-00C04F79EFBC}") = "ExpressRecipe.AuthService", "src\Services\ExpressRecipe.AuthService\ExpressRecipe.AuthService.csproj", "{6F29D93A-789F-4C5A-B92D-53C9AB3EE428}"
EndProject
Project("{FAE04EC0-301F-11D3-BF4B-00C04F79EFBC}") = "ExpressRecipe.CommunityService", "src\Services\ExpressRecipe.CommunityService\ExpressRecipe.CommunityService.csproj", "{5B31C1BE-BA60-46DD-BB63-F5C082D63371}"
EndProject
Project("{FAE04EC0-301F-11D3-BF4B-00C04F79EFBC}") = "ExpressRecipe.CookbookService", "src\Services\ExpressRecipe.CookbookService\ExpressRecipe.CookbookService.csproj", "{DBF4DB1E-C32D-49A9-B590-CA3ACCD057B6}"
EndProject
Project("{FAE04EC0-301F-11D3-BF4B-00C04F79EFBC}") = "ExpressRecipe.GroceryStoreLocationService", "src\Services\ExpressRecipe.GroceryStoreLocationService\ExpressRecipe.GroceryStoreLocationService.csproj", "{00C999C4-3FDB-4474-835D-FD3DAE7DCC30}"
EndProject
Project("{FAE04EC0-301F-11D3-BF4B-00C04F79EFBC}") = "ExpressRecipe.IngredientService", "src\Services\ExpressRecipe.IngredientService\ExpressRecipe.IngredientService.csproj", "{772182DD-1AEC-43F5-9F7F-B64287A6D664}"
EndProject
Project("{FAE04EC0-301F-11D3-BF4B-00C04F79EFBC}") = "ExpressRecipe.InventoryService", "src\Services\ExpressRecipe.InventoryService\ExpressRecipe.InventoryService.csproj", "{D3B3FCA0-F16D-422C-A003-4FA28884FAED}"
EndProject
Project("{FAE04EC0-301F-11D3-BF4B-00C04F79EFBC}") = "ExpressRecipe.MealPlanningService", "src\Services\ExpressRecipe.MealPlanningService\ExpressRecipe.MealPlanningService.csproj", "{1D858BF1-5A3D-4310-BED9-6665C5C6DB99}"
EndProject
Project("{FAE04EC0-301F-11D3-BF4B-00C04F79EFBC}") = "ExpressRecipe.NotificationService", "src\Services\ExpressRecipe.NotificationService\ExpressRecipe.NotificationService.csproj", "{B7A2FFD1-14DF-4D2E-9FFC-9A1370137F3A}"
EndProject
Project("{FAE04EC0-301F-11D3-BF4B-00C04F79EFBC}") = "ExpressRecipe.PriceService", "src\Services\ExpressRecipe.PriceService\ExpressRecipe.PriceService.csproj", "{A5FD0F5E-0697-43E2-A8A6-5374B39A9E60}"
EndProject
Project("{FAE04EC0-301F-11D3-BF4B-00C04F79EFBC}") = "ExpressRecipe.ProductService", "src\Services\ExpressRecipe.ProductService\ExpressRecipe.ProductService.csproj", "{18CF6B84-9D3B-44E0-B1DF-F6C309096B10}"
EndProject
Project("{FAE04EC0-301F-11D3-BF4B-00C04F79EFBC}") = "ExpressRecipe.RecallService", "src\Services\ExpressRecipe.RecallService\ExpressRecipe.RecallService.csproj", "{8D0B92E1-0E6E-4E9A-AFC8-FE22FFB48228}"
EndProject
Project("{FAE04EC0-301F-11D3-BF4B-00C04F79EFBC}") = "ExpressRecipe.RecipeService", "src\Services\ExpressRecipe.RecipeService\ExpressRecipe.RecipeService.csproj", "{BF0D28B1-FC07-4A73-95D3-4F739E09696A}"
EndProject
Project("{FAE04EC0-301F-11D3-BF4B-00C04F79EFBC}") = "ExpressRecipe.ScannerService", "src\Services\ExpressRecipe.ScannerService\ExpressRecipe.ScannerService.csproj", "{4FF2B097-9EF0-4D82-AD38-6859D5DA7783}"
EndProject
Project("{FAE04EC0-301F-11D3-BF4B-00C04F79EFBC}") = "ExpressRecipe.SearchService", "src\Services\ExpressRecipe.SearchService\ExpressRecipe.SearchService.csproj", "{173ECABE-594A-402B-ADF1-64ED00CB0B57}"
EndProject
Project("{FAE04EC0-301F-11D3-BF4B-00C04F79EFBC}") = "ExpressRecipe.ShoppingService", "src\Services\ExpressRecipe.ShoppingService\ExpressRecipe.ShoppingService.csproj", "{14C8B0AF-D5C6-4B58-9675-434F08B41C3C}"
EndProject
Project("{FAE04EC0-301F-11D3-BF4B-00C04F79EFBC}") = "ExpressRecipe.SyncService", "src\Services\ExpressRecipe.SyncService\ExpressRecipe.SyncService.csproj", "{75E7AAC1-1210-4DAC-8E0A-EF004EF3BF91}"
EndProject
Project("{FAE04EC0-301F-11D3-BF4B-00C04F79EFBC}") = "ExpressRecipe.UserService", "src\Services\ExpressRecipe.UserService\ExpressRecipe.UserService.csproj", "{26814460-00DF-471A-B074-9D362A07133C}"
EndProject
Project("{FAE04EC0-301F-11D3-BF4B-00C04F79EFBC}") = "ExpressRecipe.IngredientService.Tests", "src\Services\ExpressRecipe.IngredientService.Tests\ExpressRecipe.IngredientService.Tests.csproj", "{F31AB806-9454-470E-BB37-51139F58F2BC}"
EndProject
Project("{FAE04EC0-301F-11D3-BF4B-00C04F79EFBC}") = "ExpressRecipe.AIService.Tests", "src\Tests\ExpressRecipe.AIService.Tests\ExpressRecipe.AIService.Tests.csproj", "{A137E894-CB58-4FE2-ADFA-55A14334F483}"
EndProject
Project("{FAE04EC0-301F-11D3-BF4B-00C04F79EFBC}") = "ExpressRecipe.CookbookService.Tests", "src\Tests\ExpressRecipe.CookbookService.Tests\ExpressRecipe.CookbookService.Tests.csproj", "{977F7B27-6632-4953-8D4A-47AB70030764}"
EndProject
Project("{FAE04EC0-301F-11D3-BF4B-00C04F79EFBC}") = "ExpressRecipe.GroceryStoreLocationService.Tests", "src\Tests\ExpressRecipe.GroceryStoreLocationService.Tests\ExpressRecipe.GroceryStoreLocationService.Tests.csproj", "{EF030D18-7D1F-4C3C-AC02-C3A4256A0A8E}"
EndProject
Project("{FAE04EC0-301F-11D3-BF4B-00C04F79EFBC}") = "ExpressRecipe.Messaging.Benchmarks", "src\Tests\ExpressRecipe.Messaging.Benchmarks\ExpressRecipe.Messaging.Benchmarks.csproj", "{5C1B74E2-D4FE-431F-A866-32A022173541}"
EndProject
Project("{FAE04EC0-301F-11D3-BF4B-00C04F79EFBC}") = "ExpressRecipe.Messaging.Saga.Tests", "src\Tests\ExpressRecipe.Messaging.Saga.Tests\ExpressRecipe.Messaging.Saga.Tests.csproj", "{CAF68CDF-1122-44F9-A8E2-AED225A71C99}"
EndProject
Project("{FAE04EC0-301F-11D3-BF4B-00C04F79EFBC}") = "ExpressRecipe.Messaging.Tests", "src\Tests\ExpressRecipe.Messaging.Tests\ExpressRecipe.Messaging.Tests.csproj", "{7BFC102F-DA06-4101-96E2-7179B336F872}"
EndProject
Project("{FAE04EC0-301F-11D3-BF4B-00C04F79EFBC}") = "ExpressRecipe.PriceService.Tests", "src\Tests\ExpressRecipe.PriceService.Tests\ExpressRecipe.PriceService.Tests.csproj", "{B6CFE7F0-C7C2-4143-8CBC-72DD912E96A3}"
EndProject
Project("{FAE04EC0-301F-11D3-BF4B-00C04F79EFBC}") = "ExpressRecipe.AppHost", "src\ExpressRecipe.AppHost\ExpressRecipe.AppHost.csproj", "{75EFACDB-1234-4567-89AB-CDEF01234567}"
EndProject
Project("{FAE04EC0-301F-11D3-BF4B-00C04F79EFBC}") = "ExpressRecipe.RecipeService.Tests", "src\Tests\ExpressRecipe.RecipeService.Tests\ExpressRecipe.RecipeService.Tests.csproj", "{BF0D28B1-FC07-4A73-95D3-4F739E09696B}"
EndProject
Project("{FAE04EC0-301F-11D3-BF4B-00C04F79EFBC}") = "ExpressRecipe.ShoppingService.Tests", "src\Tests\ExpressRecipe.ShoppingService.Tests\ExpressRecipe.ShoppingService.Tests.csproj", "{14C8B0AF-D5C6-4B58-9675-434F08B41C3D}"
EndProject
Project("{FAE04EC0-301F-11D3-BF4B-00C04F79EFBC}") = "ExpressRecipe.UserService.Tests", "src\Tests\ExpressRecipe.UserService.Tests\ExpressRecipe.UserService.Tests.csproj", "{26814460-00DF-471A-B074-9D362A07133D}"
EndProject
Project("{FAE04EC0-301F-11D3-BF4B-00C04F79EFBC}") = "ExpressRecipe.ProductService.Tests", "src\Tests\ExpressRecipe.ProductService.Tests\ExpressRecipe.ProductService.Tests.csproj", "{A1B2C3D4-E5F6-7890-ABCD-EF1234567890}"
EndProject
Project("{FAE04EC0-301F-11D3-BF4B-00C04F79EFBC}") = "ExpressRecipe.RecipeParser", "src\RecipeParser\ExpressRecipe.RecipeParser\ExpressRecipe.RecipeParser.csproj", "{17609E3B-094D-4756-86B7-7B9592297AE5}"
EndProject
Project("{FAE04EC0-301F-11D3-BF4B-00C04F79EFBC}") = "ExpressRecipe.RecipeParser.Tests", "src\Tests\ExpressRecipe.RecipeParser.Tests\ExpressRecipe.RecipeParser.Tests.csproj", "{5CED4A25-5B5C-440F-A17B-92A5A0E36C7F}"
EndProject
Project("{2150E333-8FDC-42A3-9474-1A3956D46DE8}") = "Tests", "Tests", "{9D996D4B-B83F-33EE-5716-0A351D75AFA7}"
EndProject
Project("{FAE04EC0-301F-11D3-BF4B-00C04F79EFBC}") = "ExpressRecipe.MealPlanningService.Tests", "src\Tests\ExpressRecipe.MealPlanningService.Tests\ExpressRecipe.MealPlanningService.Tests.csproj", "{B796FD5C-D764-42FD-A72E-92ED30937B21}"
EndProject
Project("{2150E333-8FDC-42A3-9474-1A3956D46DE8}") = "Services", "Services", "{CD8887EB-25AF-83A0-D84C-3BC28A9232EE}"
EndProject
Project("{FAE04EC0-301F-11D3-BF4B-00C04F79EFBC}") = "ExpressRecipe.NotificationService.Tests", "src\Tests\ExpressRecipe.NotificationService.Tests\ExpressRecipe.NotificationService.Tests.csproj", "{9D41C3F8-4259-4959-B560-5332A5A723E2}"
EndProject
Global
	GlobalSection(SolutionConfigurationPlatforms) = preSolution
		Debug|Any CPU = Debug|Any CPU
		Debug|x64 = Debug|x64
		Debug|x86 = Debug|x86
		Release|Any CPU = Release|Any CPU
		Release|x64 = Release|x64
		Release|x86 = Release|x86
	EndGlobalSection
	GlobalSection(ProjectConfigurationPlatforms) = postSolution
		{25EB48DA-2F09-4EFE-930B-074D0D46CAAF}.Debug|Any CPU.ActiveCfg = Debug|Any CPU
		{25EB48DA-2F09-4EFE-930B-074D0D46CAAF}.Debug|Any CPU.Build.0 = Debug|Any CPU
		{25EB48DA-2F09-4EFE-930B-074D0D46CAAF}.Debug|x64.ActiveCfg = Debug|Any CPU
		{25EB48DA-2F09-4EFE-930B-074D0D46CAAF}.Debug|x64.Build.0 = Debug|Any CPU
		{25EB48DA-2F09-4EFE-930B-074D0D46CAAF}.Debug|x86.ActiveCfg = Debug|Any CPU
		{25EB48DA-2F09-4EFE-930B-074D0D46CAAF}.Debug|x86.Build.0 = Debug|Any CPU
		{25EB48DA-2F09-4EFE-930B-074D0D46CAAF}.Release|Any CPU.ActiveCfg = Release|Any CPU
		{25EB48DA-2F09-4EFE-930B-074D0D46CAAF}.Release|x64.ActiveCfg = Release|Any CPU
		{25EB48DA-2F09-4EFE-930B-074D0D46CAAF}.Release|x64.Build.0 = Release|Any CPU
		{25EB48DA-2F09-4EFE-930B-074D0D46CAAF}.Release|x86.ActiveCfg = Release|Any CPU
		{25EB48DA-2F09-4EFE-930B-074D0D46CAAF}.Release|x86.Build.0 = Release|Any CPU
		{28301E9B-DB05-407C-8C9A-ED30A693B5EE}.Debug|Any CPU.ActiveCfg = Debug|Any CPU
		{28301E9B-DB05-407C-8C9A-ED30A693B5EE}.Debug|Any CPU.Build.0 = Debug|Any CPU
		{28301E9B-DB05-407C-8C9A-ED30A693B5EE}.Debug|x64.ActiveCfg = Debug|Any CPU
		{28301E9B-DB05-407C-8C9A-ED30A693B5EE}.Debug|x64.Build.0 = Debug|Any CPU
		{28301E9B-DB05-407C-8C9A-ED30A693B5EE}.Debug|x86.ActiveCfg = Debug|Any CPU
		{28301E9B-DB05-407C-8C9A-ED30A693B5EE}.Debug|x86.Build.0 = Debug|Any CPU
		{28301E9B-DB05-407C-8C9A-ED30A693B5EE}.Release|Any CPU.ActiveCfg = Release|Any CPU
		{28301E9B-DB05-407C-8C9A-ED30A693B5EE}.Release|x64.ActiveCfg = Release|Any CPU
		{28301E9B-DB05-407C-8C9A-ED30A693B5EE}.Release|x64.Build.0 = Release|Any CPU
		{28301E9B-DB05-407C-8C9A-ED30A693B5EE}.Release|x86.ActiveCfg = Release|Any CPU
		{28301E9B-DB05-407C-8C9A-ED30A693B5EE}.Release|x86.Build.0 = Release|Any CPU
		{FB8F0C41-3009-4490-89D5-760FBCCB6AE1}.Debug|Any CPU.ActiveCfg = Debug|Any CPU
		{FB8F0C41-3009-4490-89D5-760FBCCB6AE1}.Debug|Any CPU.Build.0 = Debug|Any CPU
		{FB8F0C41-3009-4490-89D5-760FBCCB6AE1}.Debug|x64.ActiveCfg = Debug|Any CPU
		{FB8F0C41-3009-4490-89D5-760FBCCB6AE1}.Debug|x64.Build.0 = Debug|Any CPU
		{FB8F0C41-3009-4490-89D5-760FBCCB6AE1}.Debug|x86.ActiveCfg = Debug|Any CPU
		{FB8F0C41-3009-4490-89D5-760FBCCB6AE1}.Debug|x86.Build.0 = Debug|Any CPU
		{FB8F0C41-3009-4490-89D5-760FBCCB6AE1}.Release|Any CPU.ActiveCfg = Release|Any CPU
		{FB8F0C41-3009-4490-89D5-760FBCCB6AE1}.Release|x64.ActiveCfg = Release|Any CPU
		{FB8F0C41-3009-4490-89D5-760FBCCB6AE1}.Release|x64.Build.0 = Release|Any CPU
		{FB8F0C41-3009-4490-89D5-760FBCCB6AE1}.Release|x86.ActiveCfg = Release|Any CPU
		{FB8F0C41-3009-4490-89D5-760FBCCB6AE1}.Release|x86.Build.0 = Release|Any CPU
		{68932AFF-94C1-4074-956E-4F8BE2983581}.Debug|Any CPU.ActiveCfg = Debug|Any CPU
		{68932AFF-94C1-4074-956E-4F8BE2983581}.Debug|Any CPU.Build.0 = Debug|Any CPU
		{68932AFF-94C1-4074-956E-4F8BE2983581}.Debug|x64.ActiveCfg = Debug|Any CPU
		{68932AFF-94C1-4074-956E-4F8BE2983581}.Debug|x64.Build.0 = Debug|Any CPU
		{68932AFF-94C1-4074-956E-4F8BE2983581}.Debug|x86.ActiveCfg = Debug|Any CPU
		{68932AFF-94C1-4074-956E-4F8BE2983581}.Debug|x86.Build.0 = Debug|Any CPU
		{68932AFF-94C1-4074-956E-4F8BE2983581}.Release|Any CPU.ActiveCfg = Release|Any CPU
		{68932AFF-94C1-4074-956E-4F8BE2983581}.Release|x64.ActiveCfg = Release|Any CPU
		{68932AFF-94C1-4074-956E-4F8BE2983581}.Release|x64.Build.0 = Release|Any CPU
		{68932AFF-94C1-4074-956E-4F8BE2983581}.Release|x86.ActiveCfg = Release|Any CPU
		{68932AFF-94C1-4074-956E-4F8BE2983581}.Release|x86.Build.0 = Release|Any CPU
		{E058F5D4-629E-4611-AD46-7DB675BE191A}.Debug|Any CPU.ActiveCfg = Debug|Any CPU
		{E058F5D4-629E-4611-AD46-7DB675BE191A}.Debug|Any CPU.Build.0 = Debug|Any CPU
		{E058F5D4-629E-4611-AD46-7DB675BE191A}.Debug|x64.ActiveCfg = Debug|Any CPU
		{E058F5D4-629E-4611-AD46-7DB675BE191A}.Debug|x64.Build.0 = Debug|Any CPU
		{E058F5D4-629E-4611-AD46-7DB675BE191A}.Debug|x86.ActiveCfg = Debug|Any CPU
		{E058F5D4-629E-4611-AD46-7DB675BE191A}.Debug|x86.Build.0 = Debug|Any CPU
		{E058F5D4-629E-4611-AD46-7DB675BE191A}.Release|Any CPU.ActiveCfg = Release|Any CPU
		{E058F5D4-629E-4611-AD46-7DB675BE191A}.Release|x64.ActiveCfg = Release|Any CPU
		{E058F5D4-629E-4611-AD46-7DB675BE191A}.Release|x64.Build.0 = Release|Any CPU
		{E058F5D4-629E-4611-AD46-7DB675BE191A}.Release|x86.ActiveCfg = Release|Any CPU
		{E058F5D4-629E-4611-AD46-7DB675BE191A}.Release|x86.Build.0 = Release|Any CPU
		{3E278225-5768-4C48-8D5F-CF3CA08B38F3}.Debug|Any CPU.ActiveCfg = Debug|Any CPU
		{3E278225-5768-4C48-8D5F-CF3CA08B38F3}.Debug|Any CPU.Build.0 = Debug|Any CPU
		{3E278225-5768-4C48-8D5F-CF3CA08B38F3}.Debug|x64.ActiveCfg = Debug|Any CPU
		{3E278225-5768-4C48-8D5F-CF3CA08B38F3}.Debug|x64.Build.0 = Debug|Any CPU
		{3E278225-5768-4C48-8D5F-CF3CA08B38F3}.Debug|x86.ActiveCfg = Debug|Any CPU
		{3E278225-5768-4C48-8D5F-CF3CA08B38F3}.Debug|x86.Build.0 = Debug|Any CPU
		{3E278225-5768-4C48-8D5F-CF3CA08B38F3}.Release|Any CPU.ActiveCfg = Release|Any CPU
		{3E278225-5768-4C48-8D5F-CF3CA08B38F3}.Release|x64.ActiveCfg = Release|Any CPU
		{3E278225-5768-4C48-8D5F-CF3CA08B38F3}.Release|x64.Build.0 = Release|Any CPU
		{3E278225-5768-4C48-8D5F-CF3CA08B38F3}.Release|x86.ActiveCfg = Release|Any CPU
		{3E278225-5768-4C48-8D5F-CF3CA08B38F3}.Release|x86.Build.0 = Release|Any CPU
		{9590F076-EDAE-4E9D-9D20-83DEC6D49091}.Debug|Any CPU.ActiveCfg = Debug|Any CPU
		{9590F076-EDAE-4E9D-9D20-83DEC6D49091}.Debug|Any CPU.Build.0 = Debug|Any CPU
		{9590F076-EDAE-4E9D-9D20-83DEC6D49091}.Debug|x64.ActiveCfg = Debug|Any CPU
		{9590F076-EDAE-4E9D-9D20-83DEC6D49091}.Debug|x64.Build.0 = Debug|Any CPU
		{9590F076-EDAE-4E9D-9D20-83DEC6D49091}.Debug|x86.ActiveCfg = Debug|Any CPU
		{9590F076-EDAE-4E9D-9D20-83DEC6D49091}.Debug|x86.Build.0 = Debug|Any CPU
		{9590F076-EDAE-4E9D-9D20-83DEC6D49091}.Release|Any CPU.ActiveCfg = Release|Any CPU
		{9590F076-EDAE-4E9D-9D20-83DEC6D49091}.Release|x64.ActiveCfg = Release|Any CPU
		{9590F076-EDAE-4E9D-9D20-83DEC6D49091}.Release|x64.Build.0 = Release|Any CPU
		{9590F076-EDAE-4E9D-9D20-83DEC6D49091}.Release|x86.ActiveCfg = Release|Any CPU
		{9590F076-EDAE-4E9D-9D20-83DEC6D49091}.Release|x86.Build.0 = Release|Any CPU
		{60F66187-B61F-4912-A34F-E1B19B0299AD}.Debug|Any CPU.ActiveCfg = Debug|Any CPU
		{60F66187-B61F-4912-A34F-E1B19B0299AD}.Debug|Any CPU.Build.0 = Debug|Any CPU
		{60F66187-B61F-4912-A34F-E1B19B0299AD}.Debug|x64.ActiveCfg = Debug|Any CPU
		{60F66187-B61F-4912-A34F-E1B19B0299AD}.Debug|x64.Build.0 = Debug|Any CPU
		{60F66187-B61F-4912-A34F-E1B19B0299AD}.Debug|x86.ActiveCfg = Debug|Any CPU
		{60F66187-B61F-4912-A34F-E1B19B0299AD}.Debug|x86.Build.0 = Debug|Any CPU
		{60F66187-B61F-4912-A34F-E1B19B0299AD}.Release|Any CPU.ActiveCfg = Release|Any CPU
		{60F66187-B61F-4912-A34F-E1B19B0299AD}.Release|x64.ActiveCfg = Release|Any CPU
		{60F66187-B61F-4912-A34F-E1B19B0299AD}.Release|x64.Build.0 = Release|Any CPU
		{60F66187-B61F-4912-A34F-E1B19B0299AD}.Release|x86.ActiveCfg = Release|Any CPU
		{60F66187-B61F-4912-A34F-E1B19B0299AD}.Release|x86.Build.0 = Release|Any CPU
		{FC1915B6-4534-411A-9D63-BFD491DB5CA8}.Debug|Any CPU.ActiveCfg = Debug|Any CPU
		{FC1915B6-4534-411A-9D63-BFD491DB5CA8}.Debug|Any CPU.Build.0 = Debug|Any CPU
		{FC1915B6-4534-411A-9D63-BFD491DB5CA8}.Debug|x64.ActiveCfg = Debug|Any CPU
		{FC1915B6-4534-411A-9D63-BFD491DB5CA8}.Debug|x64.Build.0 = Debug|Any CPU
		{FC1915B6-4534-411A-9D63-BFD491DB5CA8}.Debug|x86.ActiveCfg = Debug|Any CPU
		{FC1915B6-4534-411A-9D63-BFD491DB5CA8}.Debug|x86.Build.0 = Debug|Any CPU
		{FC1915B6-4534-411A-9D63-BFD491DB5CA8}.Release|Any CPU.ActiveCfg = Release|Any CPU
		{FC1915B6-4534-411A-9D63-BFD491DB5CA8}.Release|x64.ActiveCfg = Release|Any CPU
		{FC1915B6-4534-411A-9D63-BFD491DB5CA8}.Release|x64.Build.0 = Release|Any CPU
		{FC1915B6-4534-411A-9D63-BFD491DB5CA8}.Release|x86.ActiveCfg = Release|Any CPU
		{FC1915B6-4534-411A-9D63-BFD491DB5CA8}.Release|x86.Build.0 = Release|Any CPU
		{1D7BFC2C-F0C1-49CC-896A-6402371B6CF6}.Debug|Any CPU.ActiveCfg = Debug|Any CPU
		{1D7BFC2C-F0C1-49CC-896A-6402371B6CF6}.Debug|Any CPU.Build.0 = Debug|Any CPU
		{1D7BFC2C-F0C1-49CC-896A-6402371B6CF6}.Debug|x64.ActiveCfg = Debug|Any CPU
		{1D7BFC2C-F0C1-49CC-896A-6402371B6CF6}.Debug|x64.Build.0 = Debug|Any CPU
		{1D7BFC2C-F0C1-49CC-896A-6402371B6CF6}.Debug|x86.ActiveCfg = Debug|Any CPU
		{1D7BFC2C-F0C1-49CC-896A-6402371B6CF6}.Debug|x86.Build.0 = Debug|Any CPU
		{1D7BFC2C-F0C1-49CC-896A-6402371B6CF6}.Release|Any CPU.ActiveCfg = Release|Any CPU
		{1D7BFC2C-F0C1-49CC-896A-6402371B6CF6}.Release|x64.ActiveCfg = Release|Any CPU
		{1D7BFC2C-F0C1-49CC-896A-6402371B6CF6}.Release|x64.Build.0 = Release|Any CPU
		{1D7BFC2C-F0C1-49CC-896A-6402371B6CF6}.Release|x86.ActiveCfg = Release|Any CPU
		{1D7BFC2C-F0C1-49CC-896A-6402371B6CF6}.Release|x86.Build.0 = Release|Any CPU
		{59DF4726-C247-40E2-B0C0-4FA2E5F268AB}.Debug|Any CPU.ActiveCfg = Debug|Any CPU
		{59DF4726-C247-40E2-B0C0-4FA2E5F268AB}.Debug|Any CPU.Build.0 = Debug|Any CPU
		{59DF4726-C247-40E2-B0C0-4FA2E5F268AB}.Debug|x64.ActiveCfg = Debug|Any CPU
		{59DF4726-C247-40E2-B0C0-4FA2E5F268AB}.Debug|x64.Build.0 = Debug|Any CPU
		{59DF4726-C247-40E2-B0C0-4FA2E5F268AB}.Debug|x86.ActiveCfg = Debug|Any CPU
		{59DF4726-C247-40E2-B0C0-4FA2E5F268AB}.Debug|x86.Build.0 = Debug|Any CPU
		{59DF4726-C247-40E2-B0C0-4FA2E5F268AB}.Release|Any CPU.ActiveCfg = Release|Any CPU
		{59DF4726-C247-40E2-B0C0-4FA2E5F268AB}.Release|x64.ActiveCfg = Release|Any CPU
		{59DF4726-C247-40E2-B0C0-4FA2E5F268AB}.Release|x64.Build.0 = Release|Any CPU
		{59DF4726-C247-40E2-B0C0-4FA2E5F268AB}.Release|x86.ActiveCfg = Release|Any CPU
		{59DF4726-C247-40E2-B0C0-4FA2E5F268AB}.Release|x86.Build.0 = Release|Any CPU
		{1A84782A-ED75-4B04-8ED2-91BAF178C2A5}.Debug|Any CPU.ActiveCfg = Debug|Any CPU
		{1A84782A-ED75-4B04-8ED2-91BAF178C2A5}.Debug|Any CPU.Build.0 = Debug|Any CPU
		{1A84782A-ED75-4B04-8ED2-91BAF178C2A5}.Debug|x64.ActiveCfg = Debug|Any CPU
		{1A84782A-ED75-4B04-8ED2-91BAF178C2A5}.Debug|x64.Build.0 = Debug|Any CPU
		{1A84782A-ED75-4B04-8ED2-91BAF178C2A5}.Debug|x86.ActiveCfg = Debug|Any CPU
		{1A84782A-ED75-4B04-8ED2-91BAF178C2A5}.Debug|x86.Build.0 = Debug|Any CPU
		{1A84782A-ED75-4B04-8ED2-91BAF178C2A5}.Release|Any CPU.ActiveCfg = Release|Any CPU
		{1A84782A-ED75-4B04-8ED2-91BAF178C2A5}.Release|x64.ActiveCfg = Release|Any CPU
		{1A84782A-ED75-4B04-8ED2-91BAF178C2A5}.Release|x64.Build.0 = Release|Any CPU
		{1A84782A-ED75-4B04-8ED2-91BAF178C2A5}.Release|x86.ActiveCfg = Release|Any CPU
		{1A84782A-ED75-4B04-8ED2-91BAF178C2A5}.Release|x86.Build.0 = Release|Any CPU
		{6F29D93A-789F-4C5A-B92D-53C9AB3EE428}.Debug|Any CPU.ActiveCfg = Debug|Any CPU
		{6F29D93A-789F-4C5A-B92D-53C9AB3EE428}.Debug|Any CPU.Build.0 = Debug|Any CPU
		{6F29D93A-789F-4C5A-B92D-53C9AB3EE428}.Debug|x64.ActiveCfg = Debug|Any CPU
		{6F29D93A-789F-4C5A-B92D-53C9AB3EE428}.Debug|x64.Build.0 = Debug|Any CPU
		{6F29D93A-789F-4C5A-B92D-53C9AB3EE428}.Debug|x86.ActiveCfg = Debug|Any CPU
		{6F29D93A-789F-4C5A-B92D-53C9AB3EE428}.Debug|x86.Build.0 = Debug|Any CPU
		{6F29D93A-789F-4C5A-B92D-53C9AB3EE428}.Release|Any CPU.ActiveCfg = Release|Any CPU
		{6F29D93A-789F-4C5A-B92D-53C9AB3EE428}.Release|x64.ActiveCfg = Release|Any CPU
		{6F29D93A-789F-4C5A-B92D-53C9AB3EE428}.Release|x64.Build.0 = Release|Any CPU
		{6F29D93A-789F-4C5A-B92D-53C9AB3EE428}.Release|x86.ActiveCfg = Release|Any CPU
		{6F29D93A-789F-4C5A-B92D-53C9AB3EE428}.Release|x86.Build.0 = Release|Any CPU
		{5B31C1BE-BA60-46DD-BB63-F5C082D63371}.Debug|Any CPU.ActiveCfg = Debug|Any CPU
		{5B31C1BE-BA60-46DD-BB63-F5C082D63371}.Debug|Any CPU.Build.0 = Debug|Any CPU
		{5B31C1BE-BA60-46DD-BB63-F5C082D63371}.Debug|x64.ActiveCfg = Debug|Any CPU
		{5B31C1BE-BA60-46DD-BB63-F5C082D63371}.Debug|x64.Build.0 = Debug|Any CPU
		{5B31C1BE-BA60-46DD-BB63-F5C082D63371}.Debug|x86.ActiveCfg = Debug|Any CPU
		{5B31C1BE-BA60-46DD-BB63-F5C082D63371}.Debug|x86.Build.0 = Debug|Any CPU
		{5B31C1BE-BA60-46DD-BB63-F5C082D63371}.Release|Any CPU.ActiveCfg = Release|Any CPU
		{5B31C1BE-BA60-46DD-BB63-F5C082D63371}.Release|x64.ActiveCfg = Release|Any CPU
		{5B31C1BE-BA60-46DD-BB63-F5C082D63371}.Release|x64.Build.0 = Release|Any CPU
		{5B31C1BE-BA60-46DD-BB63-F5C082D63371}.Release|x86.ActiveCfg = Release|Any CPU
		{5B31C1BE-BA60-46DD-BB63-F5C082D63371}.Release|x86.Build.0 = Release|Any CPU
		{DBF4DB1E-C32D-49A9-B590-CA3ACCD057B6}.Debug|Any CPU.ActiveCfg = Debug|Any CPU
		{DBF4DB1E-C32D-49A9-B590-CA3ACCD057B6}.Debug|Any CPU.Build.0 = Debug|Any CPU
		{DBF4DB1E-C32D-49A9-B590-CA3ACCD057B6}.Debug|x64.ActiveCfg = Debug|Any CPU
		{DBF4DB1E-C32D-49A9-B590-CA3ACCD057B6}.Debug|x64.Build.0 = Debug|Any CPU
		{DBF4DB1E-C32D-49A9-B590-CA3ACCD057B6}.Debug|x86.ActiveCfg = Debug|Any CPU
		{DBF4DB1E-C32D-49A9-B590-CA3ACCD057B6}.Debug|x86.Build.0 = Debug|Any CPU
		{DBF4DB1E-C32D-49A9-B590-CA3ACCD057B6}.Release|Any CPU.ActiveCfg = Release|Any CPU
		{DBF4DB1E-C32D-49A9-B590-CA3ACCD057B6}.Release|x64.ActiveCfg = Release|Any CPU
		{DBF4DB1E-C32D-49A9-B590-CA3ACCD057B6}.Release|x64.Build.0 = Release|Any CPU
		{DBF4DB1E-C32D-49A9-B590-CA3ACCD057B6}.Release|x86.ActiveCfg = Release|Any CPU
		{DBF4DB1E-C32D-49A9-B590-CA3ACCD057B6}.Release|x86.Build.0 = Release|Any CPU
		{00C999C4-3FDB-4474-835D-FD3DAE7DCC30}.Debug|Any CPU.ActiveCfg = Debug|Any CPU
		{00C999C4-3FDB-4474-835D-FD3DAE7DCC30}.Debug|Any CPU.Build.0 = Debug|Any CPU
		{00C999C4-3FDB-4474-835D-FD3DAE7DCC30}.Debug|x64.ActiveCfg = Debug|Any CPU
		{00C999C4-3FDB-4474-835D-FD3DAE7DCC30}.Debug|x64.Build.0 = Debug|Any CPU
		{00C999C4-3FDB-4474-835D-FD3DAE7DCC30}.Debug|x86.ActiveCfg = Debug|Any CPU
		{00C999C4-3FDB-4474-835D-FD3DAE7DCC30}.Debug|x86.Build.0 = Debug|Any CPU
		{00C999C4-3FDB-4474-835D-FD3DAE7DCC30}.Release|Any CPU.ActiveCfg = Release|Any CPU
		{00C999C4-3FDB-4474-835D-FD3DAE7DCC30}.Release|x64.ActiveCfg = Release|Any CPU
		{00C999C4-3FDB-4474-835D-FD3DAE7DCC30}.Release|x64.Build.0 = Release|Any CPU
		{00C999C4-3FDB-4474-835D-FD3DAE7DCC30}.Release|x86.ActiveCfg = Release|Any CPU
		{00C999C4-3FDB-4474-835D-FD3DAE7DCC30}.Release|x86.Build.0 = Release|Any CPU
		{772182DD-1AEC-43F5-9F7F-B64287A6D664}.Debug|Any CPU.ActiveCfg = Debug|Any CPU
		{772182DD-1AEC-43F5-9F7F-B64287A6D664}.Debug|Any CPU.Build.0 = Debug|Any CPU
		{772182DD-1AEC-43F5-9F7F-B64287A6D664}.Debug|x64.ActiveCfg = Debug|Any CPU
		{772182DD-1AEC-43F5-9F7F-B64287A6D664}.Debug|x64.Build.0 = Debug|Any CPU
		{772182DD-1AEC-43F5-9F7F-B64287A6D664}.Debug|x86.ActiveCfg = Debug|Any CPU
		{772182DD-1AEC-43F5-9F7F-B64287A6D664}.Debug|x86.Build.0 = Debug|Any CPU
		{772182DD-1AEC-43F5-9F7F-B64287A6D664}.Release|Any CPU.ActiveCfg = Release|Any CPU
		{772182DD-1AEC-43F5-9F7F-B64287A6D664}.Release|x64.ActiveCfg = Release|Any CPU
		{772182DD-1AEC-43F5-9F7F-B64287A6D664}.Release|x64.Build.0 = Release|Any CPU
		{772182DD-1AEC-43F5-9F7F-B64287A6D664}.Release|x86.ActiveCfg = Release|Any CPU
		{772182DD-1AEC-43F5-9F7F-B64287A6D664}.Release|x86.Build.0 = Release|Any CPU
		{D3B3FCA0-F16D-422C-A003-4FA28884FAED}.Debug|Any CPU.ActiveCfg = Debug|Any CPU
		{D3B3FCA0-F16D-422C-A003-4FA28884FAED}.Debug|Any CPU.Build.0 = Debug|Any CPU
		{D3B3FCA0-F16D-422C-A003-4FA28884FAED}.Debug|x64.ActiveCfg = Debug|Any CPU
		{D3B3FCA0-F16D-422C-A003-4FA28884FAED}.Debug|x64.Build.0 = Debug|Any CPU
		{D3B3FCA0-F16D-422C-A003-4FA28884FAED}.Debug|x86.ActiveCfg = Debug|Any CPU
		{D3B3FCA0-F16D-422C-A003-4FA28884FAED}.Debug|x86.Build.0 = Debug|Any CPU
		{D3B3FCA0-F16D-422C-A003-4FA28884FAED}.Release|Any CPU.ActiveCfg = Release|Any CPU
		{D3B3FCA0-F16D-422C-A003-4FA28884FAED}.Release|x64.ActiveCfg = Release|Any CPU
		{D3B3FCA0-F16D-422C-A003-4FA28884FAED}.Release|x64.Build.0 = Release|Any CPU
		{D3B3FCA0-F16D-422C-A003-4FA28884FAED}.Release|x86.ActiveCfg = Release|Any CPU
		{D3B3FCA0-F16D-422C-A003-4FA28884FAED}.Release|x86.Build.0 = Release|Any CPU
		{1D858BF1-5A3D-4310-BED9-6665C5C6DB99}.Debug|Any CPU.ActiveCfg = Debug|Any CPU
		{1D858BF1-5A3D-4310-BED9-6665C5C6DB99}.Debug|Any CPU.Build.0 = Debug|Any CPU
		{1D858BF1-5A3D-4310-BED9-6665C5C6DB99}.Debug|x64.ActiveCfg = Debug|Any CPU
		{1D858BF1-5A3D-4310-BED9-6665C5C6DB99}.Debug|x64.Build.0 = Debug|Any CPU
		{1D858BF1-5A3D-4310-BED9-6665C5C6DB99}.Debug|x86.ActiveCfg = Debug|Any CPU
		{1D858BF1-5A3D-4310-BED9-6665C5C6DB99}.Debug|x86.Build.0 = Debug|Any CPU
		{1D858BF1-5A3D-4310-BED9-6665C5C6DB99}.Release|Any CPU.ActiveCfg = Release|Any CPU
		{1D858BF1-5A3D-4310-BED9-6665C5C6DB99}.Release|x64.ActiveCfg = Release|Any CPU
		{1D858BF1-5A3D-4310-BED9-6665C5C6DB99}.Release|x64.Build.0 = Release|Any CPU
		{1D858BF1-5A3D-4310-BED9-6665C5C6DB99}.Release|x86.ActiveCfg = Release|Any CPU
		{1D858BF1-5A3D-4310-BED9-6665C5C6DB99}.Release|x86.Build.0 = Release|Any CPU
		{B7A2FFD1-14DF-4D2E-9FFC-9A1370137F3A}.Debug|Any CPU.ActiveCfg = Debug|Any CPU
		{B7A2FFD1-14DF-4D2E-9FFC-9A1370137F3A}.Debug|Any CPU.Build.0 = Debug|Any CPU
		{B7A2FFD1-14DF-4D2E-9FFC-9A1370137F3A}.Debug|x64.ActiveCfg = Debug|Any CPU
		{B7A2FFD1-14DF-4D2E-9FFC-9A1370137F3A}.Debug|x64.Build.0 = Debug|Any CPU
		{B7A2FFD1-14DF-4D2E-9FFC-9A1370137F3A}.Debug|x86.ActiveCfg = Debug|Any CPU
		{B7A2FFD1-14DF-4D2E-9FFC-9A1370137F3A}.Debug|x86.Build.0 = Debug|Any CPU
		{B7A2FFD1-14DF-4D2E-9FFC-9A1370137F3A}.Release|Any CPU.ActiveCfg = Release|Any CPU
		{B7A2FFD1-14DF-4D2E-9FFC-9A1370137F3A}.Release|x64.ActiveCfg = Release|Any CPU
		{B7A2FFD1-14DF-4D2E-9FFC-9A1370137F3A}.Release|x64.Build.0 = Release|Any CPU
		{B7A2FFD1-14DF-4D2E-9FFC-9A1370137F3A}.Release|x86.ActiveCfg = Release|Any CPU
		{B7A2FFD1-14DF-4D2E-9FFC-9A1370137F3A}.Release|x86.Build.0 = Release|Any CPU
		{A5FD0F5E-0697-43E2-A8A6-5374B39A9E60}.Debug|Any CPU.ActiveCfg = Debug|Any CPU
		{A5FD0F5E-0697-43E2-A8A6-5374B39A9E60}.Debug|Any CPU.Build.0 = Debug|Any CPU
		{A5FD0F5E-0697-43E2-A8A6-5374B39A9E60}.Debug|x64.ActiveCfg = Debug|Any CPU
		{A5FD0F5E-0697-43E2-A8A6-5374B39A9E60}.Debug|x64.Build.0 = Debug|Any CPU
		{A5FD0F5E-0697-43E2-A8A6-5374B39A9E60}.Debug|x86.ActiveCfg = Debug|Any CPU
		{A5FD0F5E-0697-43E2-A8A6-5374B39A9E60}.Debug|x86.Build.0 = Debug|Any CPU
		{A5FD0F5E-0697-43E2-A8A6-5374B39A9E60}.Release|Any CPU.ActiveCfg = Release|Any CPU
		{A5FD0F5E-0697-43E2-A8A6-5374B39A9E60}.Release|x64.ActiveCfg = Release|Any CPU
		{A5FD0F5E-0697-43E2-A8A6-5374B39A9E60}.Release|x64.Build.0 = Release|Any CPU
		{A5FD0F5E-0697-43E2-A8A6-5374B39A9E60}.Release|x86.ActiveCfg = Release|Any CPU
		{A5FD0F5E-0697-43E2-A8A6-5374B39A9E60}.Release|x86.Build.0 = Release|Any CPU
		{18CF6B84-9D3B-44E0-B1DF-F6C309096B10}.Debug|Any CPU.ActiveCfg = Debug|Any CPU
		{18CF6B84-9D3B-44E0-B1DF-F6C309096B10}.Debug|Any CPU.Build.0 = Debug|Any CPU
		{18CF6B84-9D3B-44E0-B1DF-F6C309096B10}.Debug|x64.ActiveCfg = Debug|Any CPU
		{18CF6B84-9D3B-44E0-B1DF-F6C309096B10}.Debug|x64.Build.0 = Debug|Any CPU
		{18CF6B84-9D3B-44E0-B1DF-F6C309096B10}.Debug|x86.ActiveCfg = Debug|Any CPU
		{18CF6B84-9D3B-44E0-B1DF-F6C309096B10}.Debug|x86.Build.0 = Debug|Any CPU
		{18CF6B84-9D3B-44E0-B1DF-F6C309096B10}.Release|Any CPU.ActiveCfg = Release|Any CPU
		{18CF6B84-9D3B-44E0-B1DF-F6C309096B10}.Release|x64.ActiveCfg = Release|Any CPU
		{18CF6B84-9D3B-44E0-B1DF-F6C309096B10}.Release|x64.Build.0 = Release|Any CPU
		{18CF6B84-9D3B-44E0-B1DF-F6C309096B10}.Release|x86.ActiveCfg = Release|Any CPU
		{18CF6B84-9D3B-44E0-B1DF-F6C309096B10}.Release|x86.Build.0 = Release|Any CPU
		{8D0B92E1-0E6E-4E9A-AFC8-FE22FFB48228}.Debug|Any CPU.ActiveCfg = Debug|Any CPU
		{8D0B92E1-0E6E-4E9A-AFC8-FE22FFB48228}.Debug|Any CPU.Build.0 = Debug|Any CPU
		{8D0B92E1-0E6E-4E9A-AFC8-FE22FFB48228}.Debug|x64.ActiveCfg = Debug|Any CPU
		{8D0B92E1-0E6E-4E9A-AFC8-FE22FFB48228}.Debug|x64.Build.0 = Debug|Any CPU
		{8D0B92E1-0E6E-4E9A-AFC8-FE22FFB48228}.Debug|x86.ActiveCfg = Debug|Any CPU
		{8D0B92E1-0E6E-4E9A-AFC8-FE22FFB48228}.Debug|x86.Build.0 = Debug|Any CPU
		{8D0B92E1-0E6E-4E9A-AFC8-FE22FFB48228}.Release|Any CPU.ActiveCfg = Release|Any CPU
		{8D0B92E1-0E6E-4E9A-AFC8-FE22FFB48228}.Release|x64.ActiveCfg = Release|Any CPU
		{8D0B92E1-0E6E-4E9A-AFC8-FE22FFB48228}.Release|x64.Build.0 = Release|Any CPU
		{8D0B92E1-0E6E-4E9A-AFC8-FE22FFB48228}.Release|x86.ActiveCfg = Release|Any CPU
		{8D0B92E1-0E6E-4E9A-AFC8-FE22FFB48228}.Release|x86.Build.0 = Release|Any CPU
		{BF0D28B1-FC07-4A73-95D3-4F739E09696A}.Debug|Any CPU.ActiveCfg = Debug|Any CPU
		{BF0D28B1-FC07-4A73-95D3-4F739E09696A}.Debug|Any CPU.Build.0 = Debug|Any CPU
		{BF0D28B1-FC07-4A73-95D3-4F739E09696A}.Debug|x64.ActiveCfg = Debug|Any CPU
		{BF0D28B1-FC07-4A73-95D3-4F739E09696A}.Debug|x64.Build.0 = Debug|Any CPU
		{BF0D28B1-FC07-4A73-95D3-4F739E09696A}.Debug|x86.ActiveCfg = Debug|Any CPU
		{BF0D28B1-FC07-4A73-95D3-4F739E09696A}.Debug|x86.Build.0 = Debug|Any CPU
		{BF0D28B1-FC07-4A73-95D3-4F739E09696A}.Release|Any CPU.ActiveCfg = Release|Any CPU
		{BF0D28B1-FC07-4A73-95D3-4F739E09696A}.Release|x64.ActiveCfg = Release|Any CPU
		{BF0D28B1-FC07-4A73-95D3-4F739E09696A}.Release|x64.Build.0 = Release|Any CPU
		{BF0D28B1-FC07-4A73-95D3-4F739E09696A}.Release|x86.ActiveCfg = Release|Any CPU
		{BF0D28B1-FC07-4A73-95D3-4F739E09696A}.Release|x86.Build.0 = Release|Any CPU
		{4FF2B097-9EF0-4D82-AD38-6859D5DA7783}.Debug|Any CPU.ActiveCfg = Debug|Any CPU
		{4FF2B097-9EF0-4D82-AD38-6859D5DA7783}.Debug|Any CPU.Build.0 = Debug|Any CPU
		{4FF2B097-9EF0-4D82-AD38-6859D5DA7783}.Debug|x64.ActiveCfg = Debug|Any CPU
		{4FF2B097-9EF0-4D82-AD38-6859D5DA7783}.Debug|x64.Build.0 = Debug|Any CPU
		{4FF2B097-9EF0-4D82-AD38-6859D5DA7783}.Debug|x86.ActiveCfg = Debug|Any CPU
		{4FF2B097-9EF0-4D82-AD38-6859D5DA7783}.Debug|x86.Build.0 = Debug|Any CPU
		{4FF2B097-9EF0-4D82-AD38-6859D5DA7783}.Release|Any CPU.ActiveCfg = Release|Any CPU
		{4FF2B097-9EF0-4D82-AD38-6859D5DA7783}.Release|x64.ActiveCfg = Release|Any CPU
		{4FF2B097-9EF0-4D82-AD38-6859D5DA7783}.Release|x64.Build.0 = Release|Any CPU
		{4FF2B097-9EF0-4D82-AD38-6859D5DA7783}.Release|x86.ActiveCfg = Release|Any CPU
		{4FF2B097-9EF0-4D82-AD38-6859D5DA7783}.Release|x86.Build.0 = Release|Any CPU
		{173ECABE-594A-402B-ADF1-64ED00CB0B57}.Debug|Any CPU.ActiveCfg = Debug|Any CPU
		{173ECABE-594A-402B-ADF1-64ED00CB0B57}.Debug|Any CPU.Build.0 = Debug|Any CPU
		{173ECABE-594A-402B-ADF1-64ED00CB0B57}.Debug|x64.ActiveCfg = Debug|Any CPU
		{173ECABE-594A-402B-ADF1-64ED00CB0B57}.Debug|x64.Build.0 = Debug|Any CPU
		{173ECABE-594A-402B-ADF1-64ED00CB0B57}.Debug|x86.ActiveCfg = Debug|Any CPU
		{173ECABE-594A-402B-ADF1-64ED00CB0B57}.Debug|x86.Build.0 = Debug|Any CPU
		{173ECABE-594A-402B-ADF1-64ED00CB0B57}.Release|Any CPU.ActiveCfg = Release|Any CPU
		{173ECABE-594A-402B-ADF1-64ED00CB0B57}.Release|x64.ActiveCfg = Release|Any CPU
		{173ECABE-594A-402B-ADF1-64ED00CB0B57}.Release|x64.Build.0 = Release|Any CPU
		{173ECABE-594A-402B-ADF1-64ED00CB0B57}.Release|x86.ActiveCfg = Release|Any CPU
		{173ECABE-594A-402B-ADF1-64ED00CB0B57}.Release|x86.Build.0 = Release|Any CPU
		{14C8B0AF-D5C6-4B58-9675-434F08B41C3C}.Debug|Any CPU.ActiveCfg = Debug|Any CPU
		{14C8B0AF-D5C6-4B58-9675-434F08B41C3C}.Debug|Any CPU.Build.0 = Debug|Any CPU
		{14C8B0AF-D5C6-4B58-9675-434F08B41C3C}.Debug|x64.ActiveCfg = Debug|Any CPU
		{14C8B0AF-D5C6-4B58-9675-434F08B41C3C}.Debug|x64.Build.0 = Debug|Any CPU
		{14C8B0AF-D5C6-4B58-9675-434F08B41C3C}.Debug|x86.ActiveCfg = Debug|Any CPU
		{14C8B0AF-D5C6-4B58-9675-434F08B41C3C}.Debug|x86.Build.0 = Debug|Any CPU
		{14C8B0AF-D5C6-4B58-9675-434F08B41C3C}.Release|Any CPU.ActiveCfg = Release|Any CPU
		{14C8B0AF-D5C6-4B58-9675-434F08B41C3C}.Release|x64.ActiveCfg = Release|Any CPU
		{14C8B0AF-D5C6-4B58-9675-434F08B41C3C}.Release|x64.Build.0 = Release|Any CPU
		{14C8B0AF-D5C6-4B58-9675-434F08B41C3C}.Release|x86.ActiveCfg = Release|Any CPU
		{14C8B0AF-D5C6-4B58-9675-434F08B41C3C}.Release|x86.Build.0 = Release|Any CPU
		{75E7AAC1-1210-4DAC-8E0A-EF004EF3BF91}.Debug|Any CPU.ActiveCfg = Debug|Any CPU
		{75E7AAC1-1210-4DAC-8E0A-EF004EF3BF91}.Debug|Any CPU.Build.0 = Debug|Any CPU
		{75E7AAC1-1210-4DAC-8E0A-EF004EF3BF91}.Debug|x64.ActiveCfg = Debug|Any CPU
		{75E7AAC1-1210-4DAC-8E0A-EF004EF3BF91}.Debug|x64.Build.0 = Debug|Any CPU
		{75E7AAC1-1210-4DAC-8E0A-EF004EF3BF91}.Debug|x86.ActiveCfg = Debug|Any CPU
		{75E7AAC1-1210-4DAC-8E0A-EF004EF3BF91}.Debug|x86.Build.0 = Debug|Any CPU
		{75E7AAC1-1210-4DAC-8E0A-EF004EF3BF91}.Release|Any CPU.ActiveCfg = Release|Any CPU
		{75E7AAC1-1210-4DAC-8E0A-EF004EF3BF91}.Release|x64.ActiveCfg = Release|Any CPU
		{75E7AAC1-1210-4DAC-8E0A-EF004EF3BF91}.Release|x64.Build.0 = Release|Any CPU
		{75E7AAC1-1210-4DAC-8E0A-EF004EF3BF91}.Release|x86.ActiveCfg = Release|Any CPU
		{75E7AAC1-1210-4DAC-8E0A-EF004EF3BF91}.Release|x86.Build.0 = Release|Any CPU
		{26814460-00DF-471A-B074-9D362A07133C}.Debug|Any CPU.ActiveCfg = Debug|Any CPU
		{26814460-00DF-471A-B074-9D362A07133C}.Debug|Any CPU.Build.0 = Debug|Any CPU
		{26814460-00DF-471A-B074-9D362A07133C}.Debug|x64.ActiveCfg = Debug|Any CPU
		{26814460-00DF-471A-B074-9D362A07133C}.Debug|x64.Build.0 = Debug|Any CPU
		{26814460-00DF-471A-B074-9D362A07133C}.Debug|x86.ActiveCfg = Debug|Any CPU
		{26814460-00DF-471A-B074-9D362A07133C}.Debug|x86.Build.0 = Debug|Any CPU
		{26814460-00DF-471A-B074-9D362A07133C}.Release|Any CPU.ActiveCfg = Release|Any CPU
		{26814460-00DF-471A-B074-9D362A07133C}.Release|x64.ActiveCfg = Release|Any CPU
		{26814460-00DF-471A-B074-9D362A07133C}.Release|x64.Build.0 = Release|Any CPU
		{26814460-00DF-471A-B074-9D362A07133C}.Release|x86.ActiveCfg = Release|Any CPU
		{26814460-00DF-471A-B074-9D362A07133C}.Release|x86.Build.0 = Release|Any CPU
		{F31AB806-9454-470E-BB37-51139F58F2BC}.Debug|Any CPU.ActiveCfg = Debug|Any CPU
		{F31AB806-9454-470E-BB37-51139F58F2BC}.Debug|Any CPU.Build.0 = Debug|Any CPU
		{F31AB806-9454-470E-BB37-51139F58F2BC}.Debug|x64.ActiveCfg = Debug|Any CPU
		{F31AB806-9454-470E-BB37-51139F58F2BC}.Debug|x64.Build.0 = Debug|Any CPU
		{F31AB806-9454-470E-BB37-51139F58F2BC}.Debug|x86.ActiveCfg = Debug|Any CPU
		{F31AB806-9454-470E-BB37-51139F58F2BC}.Debug|x86.Build.0 = Debug|Any CPU
		{F31AB806-9454-470E-BB37-51139F58F2BC}.Release|Any CPU.ActiveCfg = Release|Any CPU
		{F31AB806-9454-470E-BB37-51139F58F2BC}.Release|x64.ActiveCfg = Release|Any CPU
		{F31AB806-9454-470E-BB37-51139F58F2BC}.Release|x64.Build.0 = Release|Any CPU
		{F31AB806-9454-470E-BB37-51139F58F2BC}.Release|x86.ActiveCfg = Release|Any CPU
		{F31AB806-9454-470E-BB37-51139F58F2BC}.Release|x86.Build.0 = Release|Any CPU
		{A137E894-CB58-4FE2-ADFA-55A14334F483}.Debug|Any CPU.ActiveCfg = Debug|Any CPU
		{A137E894-CB58-4FE2-ADFA-55A14334F483}.Debug|Any CPU.Build.0 = Debug|Any CPU
		{A137E894-CB58-4FE2-ADFA-55A14334F483}.Debug|x64.ActiveCfg = Debug|Any CPU
		{A137E894-CB58-4FE2-ADFA-55A14334F483}.Debug|x64.Build.0 = Debug|Any CPU
		{A137E894-CB58-4FE2-ADFA-55A14334F483}.Debug|x86.ActiveCfg = Debug|Any CPU
		{A137E894-CB58-4FE2-ADFA-55A14334F483}.Debug|x86.Build.0 = Debug|Any CPU
		{A137E894-CB58-4FE2-ADFA-55A14334F483}.Release|Any CPU.ActiveCfg = Release|Any CPU
		{A137E894-CB58-4FE2-ADFA-55A14334F483}.Release|x64.ActiveCfg = Release|Any CPU
		{A137E894-CB58-4FE2-ADFA-55A14334F483}.Release|x64.Build.0 = Release|Any CPU
		{A137E894-CB58-4FE2-ADFA-55A14334F483}.Release|x86.ActiveCfg = Release|Any CPU
		{A137E894-CB58-4FE2-ADFA-55A14334F483}.Release|x86.Build.0 = Release|Any CPU
		{977F7B27-6632-4953-8D4A-47AB70030764}.Debug|Any CPU.ActiveCfg = Debug|Any CPU
		{977F7B27-6632-4953-8D4A-47AB70030764}.Debug|Any CPU.Build.0 = Debug|Any CPU
		{977F7B27-6632-4953-8D4A-47AB70030764}.Debug|x64.ActiveCfg = Debug|Any CPU
		{977F7B27-6632-4953-8D4A-47AB70030764}.Debug|x64.Build.0 = Debug|Any CPU
		{977F7B27-6632-4953-8D4A-47AB70030764}.Debug|x86.ActiveCfg = Debug|Any CPU
		{977F7B27-6632-4953-8D4A-47AB70030764}.Debug|x86.Build.0 = Debug|Any CPU
		{977F7B27-6632-4953-8D4A-47AB70030764}.Release|Any CPU.ActiveCfg = Release|Any CPU
		{977F7B27-6632-4953-8D4A-47AB70030764}.Release|x64.ActiveCfg = Release|Any CPU
		{977F7B27-6632-4953-8D4A-47AB70030764}.Release|x64.Build.0 = Release|Any CPU
		{977F7B27-6632-4953-8D4A-47AB70030764}.Release|x86.ActiveCfg = Release|Any CPU
		{977F7B27-6632-4953-8D4A-47AB70030764}.Release|x86.Build.0 = Release|Any CPU
		{EF030D18-7D1F-4C3C-AC02-C3A4256A0A8E}.Debug|Any CPU.ActiveCfg = Debug|Any CPU
		{EF030D18-7D1F-4C3C-AC02-C3A4256A0A8E}.Debug|Any CPU.Build.0 = Debug|Any CPU
		{EF030D18-7D1F-4C3C-AC02-C3A4256A0A8E}.Debug|x64.ActiveCfg = Debug|Any CPU
		{EF030D18-7D1F-4C3C-AC02-C3A4256A0A8E}.Debug|x64.Build.0 = Debug|Any CPU
		{EF030D18-7D1F-4C3C-AC02-C3A4256A0A8E}.Debug|x86.ActiveCfg = Debug|Any CPU
		{EF030D18-7D1F-4C3C-AC02-C3A4256A0A8E}.Debug|x86.Build.0 = Debug|Any CPU
		{EF030D18-7D1F-4C3C-AC02-C3A4256A0A8E}.Release|Any CPU.ActiveCfg = Release|Any CPU
		{EF030D18-7D1F-4C3C-AC02-C3A4256A0A8E}.Release|x64.ActiveCfg = Release|Any CPU
		{EF030D18-7D1F-4C3C-AC02-C3A4256A0A8E}.Release|x64.Build.0 = Release|Any CPU
		{EF030D18-7D1F-4C3C-AC02-C3A4256A0A8E}.Release|x86.ActiveCfg = Release|Any CPU
		{EF030D18-7D1F-4C3C-AC02-C3A4256A0A8E}.Release|x86.Build.0 = Release|Any CPU
		{5C1B74E2-D4FE-431F-A866-32A022173541}.Debug|Any CPU.ActiveCfg = Debug|Any CPU
		{5C1B74E2-D4FE-431F-A866-32A022173541}.Debug|Any CPU.Build.0 = Debug|Any CPU
		{5C1B74E2-D4FE-431F-A866-32A022173541}.Debug|x64.ActiveCfg = Debug|Any CPU
		{5C1B74E2-D4FE-431F-A866-32A022173541}.Debug|x64.Build.0 = Debug|Any CPU
		{5C1B74E2-D4FE-431F-A866-32A022173541}.Debug|x86.ActiveCfg = Debug|Any CPU
		{5C1B74E2-D4FE-431F-A866-32A022173541}.Debug|x86.Build.0 = Debug|Any CPU
		{5C1B74E2-D4FE-431F-A866-32A022173541}.Release|Any CPU.ActiveCfg = Release|Any CPU
		{5C1B74E2-D4FE-431F-A866-32A022173541}.Release|x64.ActiveCfg = Release|Any CPU
		{5C1B74E2-D4FE-431F-A866-32A022173541}.Release|x64.Build.0 = Release|Any CPU
		{5C1B74E2-D4FE-431F-A866-32A022173541}.Release|x86.ActiveCfg = Release|Any CPU
		{5C1B74E2-D4FE-431F-A866-32A022173541}.Release|x86.Build.0 = Release|Any CPU
		{CAF68CDF-1122-44F9-A8E2-AED225A71C99}.Debug|Any CPU.ActiveCfg = Debug|Any CPU
		{CAF68CDF-1122-44F9-A8E2-AED225A71C99}.Debug|Any CPU.Build.0 = Debug|Any CPU
		{CAF68CDF-1122-44F9-A8E2-AED225A71C99}.Debug|x64.ActiveCfg = Debug|Any CPU
		{CAF68CDF-1122-44F9-A8E2-AED225A71C99}.Debug|x64.Build.0 = Debug|Any CPU
		{CAF68CDF-1122-44F9-A8E2-AED225A71C99}.Debug|x86.ActiveCfg = Debug|Any CPU
		{CAF68CDF-1122-44F9-A8E2-AED225A71C99}.Debug|x86.Build.0 = Debug|Any CPU
		{CAF68CDF-1122-44F9-A8E2-AED225A71C99}.Release|Any CPU.ActiveCfg = Release|Any CPU
		{CAF68CDF-1122-44F9-A8E2-AED225A71C99}.Release|x64.ActiveCfg = Release|Any CPU
		{CAF68CDF-1122-44F9-A8E2-AED225A71C99}.Release|x64.Build.0 = Release|Any CPU
		{CAF68CDF-1122-44F9-A8E2-AED225A71C99}.Release|x86.ActiveCfg = Release|Any CPU
		{CAF68CDF-1122-44F9-A8E2-AED225A71C99}.Release|x86.Build.0 = Release|Any CPU
		{7BFC102F-DA06-4101-96E2-7179B336F872}.Debug|Any CPU.ActiveCfg = Debug|Any CPU
		{7BFC102F-DA06-4101-96E2-7179B336F872}.Debug|Any CPU.Build.0 = Debug|Any CPU
		{7BFC102F-DA06-4101-96E2-7179B336F872}.Debug|x64.ActiveCfg = Debug|Any CPU
		{7BFC102F-DA06-4101-96E2-7179B336F872}.Debug|x64.Build.0 = Debug|Any CPU
		{7BFC102F-DA06-4101-96E2-7179B336F872}.Debug|x86.ActiveCfg = Debug|Any CPU
		{7BFC102F-DA06-4101-96E2-7179B336F872}.Debug|x86.Build.0 = Debug|Any CPU
		{7BFC102F-DA06-4101-96E2-7179B336F872}.Release|Any CPU.ActiveCfg = Release|Any CPU
		{7BFC102F-DA06-4101-96E2-7179B336F872}.Release|x64.ActiveCfg = Release|Any CPU
		{7BFC102F-DA06-4101-96E2-7179B336F872}.Release|x64.Build.0 = Release|Any CPU
		{7BFC102F-DA06-4101-96E2-7179B336F872}.Release|x86.ActiveCfg = Release|Any CPU
		{7BFC102F-DA06-4101-96E2-7179B336F872}.Release|x86.Build.0 = Release|Any CPU
		{B6CFE7F0-C7C2-4143-8CBC-72DD912E96A3}.Debug|Any CPU.ActiveCfg = Debug|Any CPU
		{B6CFE7F0-C7C2-4143-8CBC-72DD912E96A3}.Debug|Any CPU.Build.0 = Debug|Any CPU
		{B6CFE7F0-C7C2-4143-8CBC-72DD912E96A3}.Debug|x64.ActiveCfg = Debug|Any CPU
		{B6CFE7F0-C7C2-4143-8CBC-72DD912E96A3}.Debug|x64.Build.0 = Debug|Any CPU
		{B6CFE7F0-C7C2-4143-8CBC-72DD912E96A3}.Debug|x86.ActiveCfg = Debug|Any CPU
		{B6CFE7F0-C7C2-4143-8CBC-72DD912E96A3}.Debug|x86.Build.0 = Debug|Any CPU
		{B6CFE7F0-C7C2-4143-8CBC-72DD912E96A3}.Release|Any CPU.ActiveCfg = Release|Any CPU
		{B6CFE7F0-C7C2-4143-8CBC-72DD912E96A3}.Release|x64.ActiveCfg = Release|Any CPU
		{B6CFE7F0-C7C2-4143-8CBC-72DD912E96A3}.Release|x64.Build.0 = Release|Any CPU
		{B6CFE7F0-C7C2-4143-8CBC-72DD912E96A3}.Release|x86.ActiveCfg = Release|Any CPU
		{B6CFE7F0-C7C2-4143-8CBC-72DD912E96A3}.Release|x86.Build.0 = Release|Any CPU
		{75EFACDB-1234-4567-89AB-CDEF01234567}.Debug|Any CPU.ActiveCfg = Debug|Any CPU
		{75EFACDB-1234-4567-89AB-CDEF01234567}.Debug|Any CPU.Build.0 = Debug|Any CPU
		{75EFACDB-1234-4567-89AB-CDEF01234567}.Debug|x64.ActiveCfg = Debug|Any CPU
		{75EFACDB-1234-4567-89AB-CDEF01234567}.Debug|x64.Build.0 = Debug|Any CPU
		{75EFACDB-1234-4567-89AB-CDEF01234567}.Debug|x86.ActiveCfg = Debug|Any CPU
		{75EFACDB-1234-4567-89AB-CDEF01234567}.Debug|x86.Build.0 = Debug|Any CPU
		{75EFACDB-1234-4567-89AB-CDEF01234567}.Release|Any CPU.ActiveCfg = Release|Any CPU
		{75EFACDB-1234-4567-89AB-CDEF01234567}.Release|Any CPU.Build.0 = Release|Any CPU
		{75EFACDB-1234-4567-89AB-CDEF01234567}.Release|x64.ActiveCfg = Release|Any CPU
		{75EFACDB-1234-4567-89AB-CDEF01234567}.Release|x64.Build.0 = Release|Any CPU
		{75EFACDB-1234-4567-89AB-CDEF01234567}.Release|x86.ActiveCfg = Release|Any CPU
		{75EFACDB-1234-4567-89AB-CDEF01234567}.Release|x86.Build.0 = Release|Any CPU
		{BF0D28B1-FC07-4A73-95D3-4F739E09696B}.Debug|Any CPU.ActiveCfg = Debug|Any CPU
		{BF0D28B1-FC07-4A73-95D3-4F739E09696B}.Debug|Any CPU.Build.0 = Debug|Any CPU
		{BF0D28B1-FC07-4A73-95D3-4F739E09696B}.Debug|x64.ActiveCfg = Debug|Any CPU
		{BF0D28B1-FC07-4A73-95D3-4F739E09696B}.Debug|x64.Build.0 = Debug|Any CPU
		{BF0D28B1-FC07-4A73-95D3-4F739E09696B}.Debug|x86.ActiveCfg = Debug|Any CPU
		{BF0D28B1-FC07-4A73-95D3-4F739E09696B}.Debug|x86.Build.0 = Debug|Any CPU
		{BF0D28B1-FC07-4A73-95D3-4F739E09696B}.Release|Any CPU.ActiveCfg = Release|Any CPU
		{BF0D28B1-FC07-4A73-95D3-4F739E09696B}.Release|Any CPU.Build.0 = Release|Any CPU
		{BF0D28B1-FC07-4A73-95D3-4F739E09696B}.Release|x64.ActiveCfg = Release|Any CPU
		{BF0D28B1-FC07-4A73-95D3-4F739E09696B}.Release|x64.Build.0 = Release|Any CPU
		{BF0D28B1-FC07-4A73-95D3-4F739E09696B}.Release|x86.ActiveCfg = Release|Any CPU
		{BF0D28B1-FC07-4A73-95D3-4F739E09696B}.Release|x86.Build.0 = Release|Any CPU
		{14C8B0AF-D5C6-4B58-9675-434F08B41C3D}.Debug|Any CPU.ActiveCfg = Debug|Any CPU
		{14C8B0AF-D5C6-4B58-9675-434F08B41C3D}.Debug|Any CPU.Build.0 = Debug|Any CPU
		{14C8B0AF-D5C6-4B58-9675-434F08B41C3D}.Debug|x64.ActiveCfg = Debug|Any CPU
		{14C8B0AF-D5C6-4B58-9675-434F08B41C3D}.Debug|x64.Build.0 = Debug|Any CPU
		{14C8B0AF-D5C6-4B58-9675-434F08B41C3D}.Debug|x86.ActiveCfg = Debug|Any CPU
		{14C8B0AF-D5C6-4B58-9675-434F08B41C3D}.Debug|x86.Build.0 = Debug|Any CPU
		{14C8B0AF-D5C6-4B58-9675-434F08B41C3D}.Release|Any CPU.ActiveCfg = Release|Any CPU
		{14C8B0AF-D5C6-4B58-9675-434F08B41C3D}.Release|Any CPU.Build.0 = Release|Any CPU
		{14C8B0AF-D5C6-4B58-9675-434F08B41C3D}.Release|x64.ActiveCfg = Release|Any CPU
		{14C8B0AF-D5C6-4B58-9675-434F08B41C3D}.Release|x64.Build.0 = Release|Any CPU
		{14C8B0AF-D5C6-4B58-9675-434F08B41C3D}.Release|x86.ActiveCfg = Release|Any CPU
		{14C8B0AF-D5C6-4B58-9675-434F08B41C3D}.Release|x86.Build.0 = Release|Any CPU
		{26814460-00DF-471A-B074-9D362A07133D}.Debug|Any CPU.ActiveCfg = Debug|Any CPU
		{26814460-00DF-471A-B074-9D362A07133D}.Debug|Any CPU.Build.0 = Debug|Any CPU
		{26814460-00DF-471A-B074-9D362A07133D}.Debug|x64.ActiveCfg = Debug|Any CPU
		{26814460-00DF-471A-B074-9D362A07133D}.Debug|x64.Build.0 = Debug|Any CPU
		{26814460-00DF-471A-B074-9D362A07133D}.Debug|x86.ActiveCfg = Debug|Any CPU
		{26814460-00DF-471A-B074-9D362A07133D}.Debug|x86.Build.0 = Debug|Any CPU
		{26814460-00DF-471A-B074-9D362A07133D}.Release|Any CPU.ActiveCfg = Release|Any CPU
		{26814460-00DF-471A-B074-9D362A07133D}.Release|Any CPU.Build.0 = Release|Any CPU
		{26814460-00DF-471A-B074-9D362A07133D}.Release|x64.ActiveCfg = Release|Any CPU
		{26814460-00DF-471A-B074-9D362A07133D}.Release|x64.Build.0 = Release|Any CPU
		{26814460-00DF-471A-B074-9D362A07133D}.Release|x86.ActiveCfg = Release|Any CPU
		{26814460-00DF-471A-B074-9D362A07133D}.Release|x86.Build.0 = Release|Any CPU
		{A1B2C3D4-E5F6-7890-ABCD-EF1234567890}.Debug|Any CPU.ActiveCfg = Debug|Any CPU
		{A1B2C3D4-E5F6-7890-ABCD-EF1234567890}.Debug|Any CPU.Build.0 = Debug|Any CPU
		{A1B2C3D4-E5F6-7890-ABCD-EF1234567890}.Debug|x64.ActiveCfg = Debug|Any CPU
		{A1B2C3D4-E5F6-7890-ABCD-EF1234567890}.Debug|x64.Build.0 = Debug|Any CPU
		{A1B2C3D4-E5F6-7890-ABCD-EF1234567890}.Debug|x86.ActiveCfg = Debug|Any CPU
		{A1B2C3D4-E5F6-7890-ABCD-EF1234567890}.Debug|x86.Build.0 = Debug|Any CPU
		{A1B2C3D4-E5F6-7890-ABCD-EF1234567890}.Release|Any CPU.ActiveCfg = Release|Any CPU
		{A1B2C3D4-E5F6-7890-ABCD-EF1234567890}.Release|Any CPU.Build.0 = Release|Any CPU
		{A1B2C3D4-E5F6-7890-ABCD-EF1234567890}.Release|x64.ActiveCfg = Release|Any CPU
		{A1B2C3D4-E5F6-7890-ABCD-EF1234567890}.Release|x64.Build.0 = Release|Any CPU
		{A1B2C3D4-E5F6-7890-ABCD-EF1234567890}.Release|x86.ActiveCfg = Release|Any CPU
		{A1B2C3D4-E5F6-7890-ABCD-EF1234567890}.Release|x86.Build.0 = Release|Any CPU
		{17609E3B-094D-4756-86B7-7B9592297AE5}.Debug|Any CPU.ActiveCfg = Debug|Any CPU
		{17609E3B-094D-4756-86B7-7B9592297AE5}.Debug|Any CPU.Build.0 = Debug|Any CPU
		{17609E3B-094D-4756-86B7-7B9592297AE5}.Debug|x64.ActiveCfg = Debug|Any CPU
		{17609E3B-094D-4756-86B7-7B9592297AE5}.Debug|x64.Build.0 = Debug|Any CPU
		{17609E3B-094D-4756-86B7-7B9592297AE5}.Debug|x86.ActiveCfg = Debug|Any CPU
		{17609E3B-094D-4756-86B7-7B9592297AE5}.Debug|x86.Build.0 = Debug|Any CPU
		{17609E3B-094D-4756-86B7-7B9592297AE5}.Release|Any CPU.ActiveCfg = Release|Any CPU
		{17609E3B-094D-4756-86B7-7B9592297AE5}.Release|Any CPU.Build.0 = Release|Any CPU
		{17609E3B-094D-4756-86B7-7B9592297AE5}.Release|x64.ActiveCfg = Release|Any CPU
		{17609E3B-094D-4756-86B7-7B9592297AE5}.Release|x64.Build.0 = Release|Any CPU
		{17609E3B-094D-4756-86B7-7B9592297AE5}.Release|x86.ActiveCfg = Release|Any CPU
		{17609E3B-094D-4756-86B7-7B9592297AE5}.Release|x86.Build.0 = Release|Any CPU
		{5CED4A25-5B5C-440F-A17B-92A5A0E36C7F}.Debug|Any CPU.ActiveCfg = Debug|Any CPU
		{5CED4A25-5B5C-440F-A17B-92A5A0E36C7F}.Debug|Any CPU.Build.0 = Debug|Any CPU
		{5CED4A25-5B5C-440F-A17B-92A5A0E36C7F}.Debug|x64.ActiveCfg = Debug|Any CPU
		{5CED4A25-5B5C-440F-A17B-92A5A0E36C7F}.Debug|x64.Build.0 = Debug|Any CPU
		{5CED4A25-5B5C-440F-A17B-92A5A0E36C7F}.Debug|x86.ActiveCfg = Debug|Any CPU
		{5CED4A25-5B5C-440F-A17B-92A5A0E36C7F}.Debug|x86.Build.0 = Debug|Any CPU
		{5CED4A25-5B5C-440F-A17B-92A5A0E36C7F}.Release|Any CPU.ActiveCfg = Release|Any CPU
		{5CED4A25-5B5C-440F-A17B-92A5A0E36C7F}.Release|Any CPU.Build.0 = Release|Any CPU
		{5CED4A25-5B5C-440F-A17B-92A5A0E36C7F}.Release|x64.ActiveCfg = Release|Any CPU
		{5CED4A25-5B5C-440F-A17B-92A5A0E36C7F}.Release|x64.Build.0 = Release|Any CPU
		{5CED4A25-5B5C-440F-A17B-92A5A0E36C7F}.Release|x86.ActiveCfg = Release|Any CPU
		{5CED4A25-5B5C-440F-A17B-92A5A0E36C7F}.Release|x86.Build.0 = Release|Any CPU
		{B796FD5C-D764-42FD-A72E-92ED30937B21}.Debug|Any CPU.ActiveCfg = Debug|Any CPU
		{B796FD5C-D764-42FD-A72E-92ED30937B21}.Debug|Any CPU.Build.0 = Debug|Any CPU
		{B796FD5C-D764-42FD-A72E-92ED30937B21}.Debug|x64.ActiveCfg = Debug|Any CPU
		{B796FD5C-D764-42FD-A72E-92ED30937B21}.Debug|x64.Build.0 = Debug|Any CPU
		{B796FD5C-D764-42FD-A72E-92ED30937B21}.Debug|x86.ActiveCfg = Debug|Any CPU
		{B796FD5C-D764-42FD-A72E-92ED30937B21}.Debug|x86.Build.0 = Debug|Any CPU
		{B796FD5C-D764-42FD-A72E-92ED30937B21}.Release|Any CPU.ActiveCfg = Release|Any CPU
		{B796FD5C-D764-42FD-A72E-92ED30937B21}.Release|Any CPU.Build.0 = Release|Any CPU
		{B796FD5C-D764-42FD-A72E-92ED30937B21}.Release|x64.ActiveCfg = Release|Any CPU
		{B796FD5C-D764-42FD-A72E-92ED30937B21}.Release|x64.Build.0 = Release|Any CPU
		{B796FD5C-D764-42FD-A72E-92ED30937B21}.Release|x86.ActiveCfg = Release|Any CPU
		{B796FD5C-D764-42FD-A72E-92ED30937B21}.Release|x86.Build.0 = Release|Any CPU
		{9D41C3F8-4259-4959-B560-5332A5A723E2}.Debug|Any CPU.ActiveCfg = Debug|Any CPU
		{9D41C3F8-4259-4959-B560-5332A5A723E2}.Debug|Any CPU.Build.0 = Debug|Any CPU
		{9D41C3F8-4259-4959-B560-5332A5A723E2}.Debug|x64.ActiveCfg = Debug|Any CPU
		{9D41C3F8-4259-4959-B560-5332A5A723E2}.Debug|x64.Build.0 = Debug|Any CPU
		{9D41C3F8-4259-4959-B560-5332A5A723E2}.Debug|x86.ActiveCfg = Debug|Any CPU
		{9D41C3F8-4259-4959-B560-5332A5A723E2}.Debug|x86.Build.0 = Debug|Any CPU
		{9D41C3F8-4259-4959-B560-5332A5A723E2}.Release|Any CPU.ActiveCfg = Release|Any CPU
		{9D41C3F8-4259-4959-B560-5332A5A723E2}.Release|Any CPU.Build.0 = Release|Any CPU
		{9D41C3F8-4259-4959-B560-5332A5A723E2}.Release|x64.ActiveCfg = Release|Any CPU
		{9D41C3F8-4259-4959-B560-5332A5A723E2}.Release|x64.Build.0 = Release|Any CPU
		{9D41C3F8-4259-4959-B560-5332A5A723E2}.Release|x86.ActiveCfg = Release|Any CPU
		{9D41C3F8-4259-4959-B560-5332A5A723E2}.Release|x86.Build.0 = Release|Any CPU
	EndGlobalSection
	GlobalSection(SolutionProperties) = preSolution
		HideSolutionNode = FALSE
	EndGlobalSection
	GlobalSection(NestedProjects) = preSolution
		{25EB48DA-2F09-4EFE-930B-074D0D46CAAF} = {8BC9CEB8-8B4A-11D0-8D11-00A0C91BC942}
		{28301E9B-DB05-407C-8C9A-ED30A693B5EE} = {8BC9CEB8-8B4A-11D0-8D11-00A0C91BC942}
		{FB8F0C41-3009-4490-89D5-760FBCCB6AE1} = {8BC9CEB8-8B4A-11D0-8D11-00A0C91BC942}
		{68932AFF-94C1-4074-956E-4F8BE2983581} = {8BC9CEB8-8B4A-11D0-8D11-00A0C91BC942}
		{E058F5D4-629E-4611-AD46-7DB675BE191A} = {8BC9CEB8-8B4A-11D0-8D11-00A0C91BC942}
		{3E278225-5768-4C48-8D5F-CF3CA08B38F3} = {8BC9CEB8-8B4A-11D0-8D11-00A0C91BC942}
		{9590F076-EDAE-4E9D-9D20-83DEC6D49091} = {8BC9CEB8-8B4A-11D0-8D11-00A0C91BC942}
		{60F66187-B61F-4912-A34F-E1B19B0299AD} = {8BC9CEB8-8B4A-11D0-8D11-00A0C91BC942}
		{FC1915B6-4534-411A-9D63-BFD491DB5CA8} = {8BC9CEB8-8B4A-11D0-8D11-00A0C91BC942}
		{1D7BFC2C-F0C1-49CC-896A-6402371B6CF6} = {8BC9CEB8-8B4A-11D0-8D11-00A0C91BC942}
		{59DF4726-C247-40E2-B0C0-4FA2E5F268AB} = {8BC9CEB8-8B4A-11D0-8D11-00A0C91BC942}
		{1A84782A-ED75-4B04-8ED2-91BAF178C2A5} = {8BC9CEB8-8B4A-11D0-8D11-00A0C91BC942}
		{6F29D93A-789F-4C5A-B92D-53C9AB3EE428} = {8BC9CEB8-8B4A-11D0-8D11-00A0C91BC942}
		{5B31C1BE-BA60-46DD-BB63-F5C082D63371} = {8BC9CEB8-8B4A-11D0-8D11-00A0C91BC942}
		{DBF4DB1E-C32D-49A9-B590-CA3ACCD057B6} = {8BC9CEB8-8B4A-11D0-8D11-00A0C91BC942}
		{00C999C4-3FDB-4474-835D-FD3DAE7DCC30} = {8BC9CEB8-8B4A-11D0-8D11-00A0C91BC942}
		{772182DD-1AEC-43F5-9F7F-B64287A6D664} = {8BC9CEB8-8B4A-11D0-8D11-00A0C91BC942}
		{D3B3FCA0-F16D-422C-A003-4FA28884FAED} = {8BC9CEB8-8B4A-11D0-8D11-00A0C91BC942}
		{1D858BF1-5A3D-4310-BED9-6665C5C6DB99} = {8BC9CEB8-8B4A-11D0-8D11-00A0C91BC942}
		{B7A2FFD1-14DF-4D2E-9FFC-9A1370137F3A} = {8BC9CEB8-8B4A-11D0-8D11-00A0C91BC942}
		{A5FD0F5E-0697-43E2-A8A6-5374B39A9E60} = {8BC9CEB8-8B4A-11D0-8D11-00A0C91BC942}
		{18CF6B84-9D3B-44E0-B1DF-F6C309096B10} = {8BC9CEB8-8B4A-11D0-8D11-00A0C91BC942}
		{8D0B92E1-0E6E-4E9A-AFC8-FE22FFB48228} = {8BC9CEB8-8B4A-11D0-8D11-00A0C91BC942}
		{BF0D28B1-FC07-4A73-95D3-4F739E09696A} = {8BC9CEB8-8B4A-11D0-8D11-00A0C91BC942}
		{4FF2B097-9EF0-4D82-AD38-6859D5DA7783} = {8BC9CEB8-8B4A-11D0-8D11-00A0C91BC942}
		{173ECABE-594A-402B-ADF1-64ED00CB0B57} = {8BC9CEB8-8B4A-11D0-8D11-00A0C91BC942}
		{14C8B0AF-D5C6-4B58-9675-434F08B41C3C} = {8BC9CEB8-8B4A-11D0-8D11-00A0C91BC942}
		{75E7AAC1-1210-4DAC-8E0A-EF004EF3BF91} = {8BC9CEB8-8B4A-11D0-8D11-00A0C91BC942}
		{26814460-00DF-471A-B074-9D362A07133C} = {8BC9CEB8-8B4A-11D0-8D11-00A0C91BC942}
		{F31AB806-9454-470E-BB37-51139F58F2BC} = {0AB3BF05-4346-4AA6-1389-037BE0695223}
		{A137E894-CB58-4FE2-ADFA-55A14334F483} = {0AB3BF05-4346-4AA6-1389-037BE0695223}
		{977F7B27-6632-4953-8D4A-47AB70030764} = {0AB3BF05-4346-4AA6-1389-037BE0695223}
		{EF030D18-7D1F-4C3C-AC02-C3A4256A0A8E} = {0AB3BF05-4346-4AA6-1389-037BE0695223}
		{5C1B74E2-D4FE-431F-A866-32A022173541} = {0AB3BF05-4346-4AA6-1389-037BE0695223}
		{CAF68CDF-1122-44F9-A8E2-AED225A71C99} = {0AB3BF05-4346-4AA6-1389-037BE0695223}
		{7BFC102F-DA06-4101-96E2-7179B336F872} = {0AB3BF05-4346-4AA6-1389-037BE0695223}
		{B6CFE7F0-C7C2-4143-8CBC-72DD912E96A3} = {0AB3BF05-4346-4AA6-1389-037BE0695223}
		{75EFACDB-1234-4567-89AB-CDEF01234567} = {8BC9CEB8-8B4A-11D0-8D11-00A0C91BC942}
		{BF0D28B1-FC07-4A73-95D3-4F739E09696B} = {0AB3BF05-4346-4AA6-1389-037BE0695223}
		{14C8B0AF-D5C6-4B58-9675-434F08B41C3D} = {0AB3BF05-4346-4AA6-1389-037BE0695223}
		{26814460-00DF-471A-B074-9D362A07133D} = {0AB3BF05-4346-4AA6-1389-037BE0695223}
		{17609E3B-094D-4756-86B7-7B9592297AE5} = {8BC9CEB8-8B4A-11D0-8D11-00A0C91BC942}
		{5CED4A25-5B5C-440F-A17B-92A5A0E36C7F} = {0AB3BF05-4346-4AA6-1389-037BE0695223}
		{9D996D4B-B83F-33EE-5716-0A351D75AFA7} = {8BC9CEB8-8B4A-11D0-8D11-00A0C91BC942}
		{B796FD5C-D764-42FD-A72E-92ED30937B21} = {9D996D4B-B83F-33EE-5716-0A351D75AFA7}
		{CD8887EB-25AF-83A0-D84C-3BC28A9232EE} = {8BC9CEB8-8B4A-11D0-8D11-00A0C91BC942}
		{9D41C3F8-4259-4959-B560-5332A5A723E2} = {9D996D4B-B83F-33EE-5716-0A351D75AFA7}
	EndGlobalSection
	GlobalSection(ExtensibilityGlobals) = postSolution
		SolutionGuid = {A0CA3AE9-2448-4D31-A125-E5F3C0FD8FC0}
	EndGlobalSection
EndGlobal
